
Microsoft Visual Studio Solution File, Format Version 12.00
# Visual Studio 2013
VisualStudioVersion = 12.0.40629.0
MinimumVisualStudioVersion = 10.0.40219.1
Project("{2150E333-8FDC-42A3-9474-1A3956D46DE8}") = ".nuget", ".nuget", "{0BA12171-9BB0-4985-B15F-9D4B338147E4}"
	ProjectSection(SolutionItems) = preProject
		.nuget\NuGet.Config = .nuget\NuGet.Config
		.nuget\NuGet.exe = .nuget\NuGet.exe
		.nuget\NuGet.targets = .nuget\NuGet.targets
	EndProjectSection
EndProject
Project("{FAE04EC0-301F-11D3-BF4B-00C04F79EFBC}") = "SciChart.Wpf.UI", "SciChart.Wpf.UI.Controls\SciChart.Wpf.UI.csproj", "{F0BDBCEC-D3CC-4048-849D-4C2290BC5E81}"
EndProject
Project("{FAE04EC0-301F-11D3-BF4B-00C04F79EFBC}") = "SciChart.Wpf.UI.TestApp", "SciChart.Wpf.UI.Controls.TestApp\SciChart.Wpf.UI.TestApp.csproj", "{B044C99F-C50A-4AB7-889D-FCF67E5F362F}"
EndProject
Project("{FAE04EC0-301F-11D3-BF4B-00C04F79EFBC}") = "SciChart.Wpf.UI.Reactive", "SciChart.Wpf.UI.Reactive\SciChart.Wpf.UI.Reactive.csproj", "{D78F4BCF-C408-422C-A327-FEF8D8E07EE6}"
EndProject
Project("{FAE04EC0-301F-11D3-BF4B-00C04F79EFBC}") = "SciChart.Wpf.UI.Reactive.Tests", "SciChart.Wpf.UI.Reactive.Tests\SciChart.Wpf.UI.Reactive.Tests.csproj", "{BBF0486A-3B64-485D-8617-E331A631E83A}"
EndProject
Project("{FAE04EC0-301F-11D3-BF4B-00C04F79EFBC}") = "SciChart.Wpf.UI.Transitionz", "SciChart.Wpf.UI.Transitionz\SciChart.Wpf.UI.Transitionz.csproj", "{F62BDB9C-0304-46D3-B088-62DA495B46DD}"
EndProject
Project("{FAE04EC0-301F-11D3-BF4B-00C04F79EFBC}") = "SciChart.Wpf.UI.Bootstrap", "SciChart.Wpf.UI.Bootstrap\SciChart.Wpf.UI.Bootstrap.csproj", "{47B46A21-285D-4677-A6C3-45E51CFA8562}"
EndProject
Global
	GlobalSection(SolutionConfigurationPlatforms) = preSolution
		Debug|Any CPU = Debug|Any CPU
		Debug|x64 = Debug|x64
		Debug|x86 = Debug|x86
		Debug45|Any CPU = Debug45|Any CPU
		Debug45|x64 = Debug45|x64
		Debug45|x86 = Debug45|x86
		Debug46|Any CPU = Debug46|Any CPU
		Debug46|x64 = Debug46|x64
		Debug46|x86 = Debug46|x86
		Release|Any CPU = Release|Any CPU
		Release|x64 = Release|x64
		Release|x86 = Release|x86
		Release45|Any CPU = Release45|Any CPU
		Release45|x64 = Release45|x64
		Release45|x86 = Release45|x86
		Release46|Any CPU = Release46|Any CPU
		Release46|x64 = Release46|x64
		Release46|x86 = Release46|x86
	EndGlobalSection
	GlobalSection(ProjectConfigurationPlatforms) = postSolution
		{F0BDBCEC-D3CC-4048-849D-4C2290BC5E81}.Debug|Any CPU.ActiveCfg = Debug|Any CPU
		{F0BDBCEC-D3CC-4048-849D-4C2290BC5E81}.Debug|Any CPU.Build.0 = Debug|Any CPU
		{F0BDBCEC-D3CC-4048-849D-4C2290BC5E81}.Debug|x64.ActiveCfg = Debug|x64
		{F0BDBCEC-D3CC-4048-849D-4C2290BC5E81}.Debug|x64.Build.0 = Debug|x64
		{F0BDBCEC-D3CC-4048-849D-4C2290BC5E81}.Debug|x86.ActiveCfg = Debug|x86
		{F0BDBCEC-D3CC-4048-849D-4C2290BC5E81}.Debug|x86.Build.0 = Debug|x86
		{F0BDBCEC-D3CC-4048-849D-4C2290BC5E81}.Debug45|Any CPU.ActiveCfg = Debug45|Any CPU
		{F0BDBCEC-D3CC-4048-849D-4C2290BC5E81}.Debug45|Any CPU.Build.0 = Debug45|Any CPU
		{F0BDBCEC-D3CC-4048-849D-4C2290BC5E81}.Debug45|x64.ActiveCfg = Debug45|x64
		{F0BDBCEC-D3CC-4048-849D-4C2290BC5E81}.Debug45|x64.Build.0 = Debug45|x64
		{F0BDBCEC-D3CC-4048-849D-4C2290BC5E81}.Debug45|x86.ActiveCfg = Debug45|x86
		{F0BDBCEC-D3CC-4048-849D-4C2290BC5E81}.Debug45|x86.Build.0 = Debug45|x86
		{F0BDBCEC-D3CC-4048-849D-4C2290BC5E81}.Debug46|Any CPU.ActiveCfg = Debug46|Any CPU
		{F0BDBCEC-D3CC-4048-849D-4C2290BC5E81}.Debug46|Any CPU.Build.0 = Debug46|Any CPU
		{F0BDBCEC-D3CC-4048-849D-4C2290BC5E81}.Debug46|x64.ActiveCfg = Debug46|x64
		{F0BDBCEC-D3CC-4048-849D-4C2290BC5E81}.Debug46|x64.Build.0 = Debug46|x64
		{F0BDBCEC-D3CC-4048-849D-4C2290BC5E81}.Debug46|x86.ActiveCfg = Debug46|x86
		{F0BDBCEC-D3CC-4048-849D-4C2290BC5E81}.Debug46|x86.Build.0 = Debug46|x86
		{F0BDBCEC-D3CC-4048-849D-4C2290BC5E81}.Release|Any CPU.ActiveCfg = Release|Any CPU
		{F0BDBCEC-D3CC-4048-849D-4C2290BC5E81}.Release|Any CPU.Build.0 = Release|Any CPU
		{F0BDBCEC-D3CC-4048-849D-4C2290BC5E81}.Release|x64.ActiveCfg = Release|x64
		{F0BDBCEC-D3CC-4048-849D-4C2290BC5E81}.Release|x64.Build.0 = Release|x64
		{F0BDBCEC-D3CC-4048-849D-4C2290BC5E81}.Release|x86.ActiveCfg = Release|x86
		{F0BDBCEC-D3CC-4048-849D-4C2290BC5E81}.Release|x86.Build.0 = Release|x86
		{F0BDBCEC-D3CC-4048-849D-4C2290BC5E81}.Release45|Any CPU.ActiveCfg = Release45|Any CPU
		{F0BDBCEC-D3CC-4048-849D-4C2290BC5E81}.Release45|Any CPU.Build.0 = Release45|Any CPU
		{F0BDBCEC-D3CC-4048-849D-4C2290BC5E81}.Release45|x64.ActiveCfg = Release45|x64
		{F0BDBCEC-D3CC-4048-849D-4C2290BC5E81}.Release45|x64.Build.0 = Release45|x64
		{F0BDBCEC-D3CC-4048-849D-4C2290BC5E81}.Release45|x86.ActiveCfg = Release45|x86
		{F0BDBCEC-D3CC-4048-849D-4C2290BC5E81}.Release45|x86.Build.0 = Release45|x86
		{F0BDBCEC-D3CC-4048-849D-4C2290BC5E81}.Release46|Any CPU.ActiveCfg = Release46|Any CPU
		{F0BDBCEC-D3CC-4048-849D-4C2290BC5E81}.Release46|Any CPU.Build.0 = Release46|Any CPU
		{F0BDBCEC-D3CC-4048-849D-4C2290BC5E81}.Release46|x64.ActiveCfg = Release46|x64
		{F0BDBCEC-D3CC-4048-849D-4C2290BC5E81}.Release46|x64.Build.0 = Release46|x64
		{F0BDBCEC-D3CC-4048-849D-4C2290BC5E81}.Release46|x86.ActiveCfg = Release46|x86
		{F0BDBCEC-D3CC-4048-849D-4C2290BC5E81}.Release46|x86.Build.0 = Release46|x86
		{B044C99F-C50A-4AB7-889D-FCF67E5F362F}.Debug|Any CPU.ActiveCfg = Debug|Any CPU
		{B044C99F-C50A-4AB7-889D-FCF67E5F362F}.Debug|Any CPU.Build.0 = Debug|Any CPU
		{B044C99F-C50A-4AB7-889D-FCF67E5F362F}.Debug|x64.ActiveCfg = Debug|Any CPU
		{B044C99F-C50A-4AB7-889D-FCF67E5F362F}.Debug|x86.ActiveCfg = Debug|Any CPU
		{B044C99F-C50A-4AB7-889D-FCF67E5F362F}.Debug45|Any CPU.ActiveCfg = Debug|Any CPU
		{B044C99F-C50A-4AB7-889D-FCF67E5F362F}.Debug45|Any CPU.Build.0 = Debug|Any CPU
		{B044C99F-C50A-4AB7-889D-FCF67E5F362F}.Debug45|x64.ActiveCfg = Debug|Any CPU
		{B044C99F-C50A-4AB7-889D-FCF67E5F362F}.Debug45|x86.ActiveCfg = Debug|Any CPU
		{B044C99F-C50A-4AB7-889D-FCF67E5F362F}.Debug46|Any CPU.ActiveCfg = Debug|Any CPU
		{B044C99F-C50A-4AB7-889D-FCF67E5F362F}.Debug46|Any CPU.Build.0 = Debug|Any CPU
		{B044C99F-C50A-4AB7-889D-FCF67E5F362F}.Debug46|x64.ActiveCfg = Debug|Any CPU
		{B044C99F-C50A-4AB7-889D-FCF67E5F362F}.Debug46|x86.ActiveCfg = Debug|Any CPU
		{B044C99F-C50A-4AB7-889D-FCF67E5F362F}.Release|Any CPU.ActiveCfg = Release|Any CPU
		{B044C99F-C50A-4AB7-889D-FCF67E5F362F}.Release|Any CPU.Build.0 = Release|Any CPU
		{B044C99F-C50A-4AB7-889D-FCF67E5F362F}.Release|x64.ActiveCfg = Release|Any CPU
		{B044C99F-C50A-4AB7-889D-FCF67E5F362F}.Release|x86.ActiveCfg = Release|Any CPU
		{B044C99F-C50A-4AB7-889D-FCF67E5F362F}.Release45|Any CPU.ActiveCfg = Release|Any CPU
		{B044C99F-C50A-4AB7-889D-FCF67E5F362F}.Release45|Any CPU.Build.0 = Release|Any CPU
		{B044C99F-C50A-4AB7-889D-FCF67E5F362F}.Release45|x64.ActiveCfg = Release|Any CPU
		{B044C99F-C50A-4AB7-889D-FCF67E5F362F}.Release45|x86.ActiveCfg = Release|Any CPU
		{B044C99F-C50A-4AB7-889D-FCF67E5F362F}.Release46|Any CPU.ActiveCfg = Release|Any CPU
		{B044C99F-C50A-4AB7-889D-FCF67E5F362F}.Release46|Any CPU.Build.0 = Release|Any CPU
		{B044C99F-C50A-4AB7-889D-FCF67E5F362F}.Release46|x64.ActiveCfg = Release|Any CPU
		{B044C99F-C50A-4AB7-889D-FCF67E5F362F}.Release46|x86.ActiveCfg = Release|Any CPU
		{D78F4BCF-C408-422C-A327-FEF8D8E07EE6}.Debug|Any CPU.ActiveCfg = Debug|Any CPU
		{D78F4BCF-C408-422C-A327-FEF8D8E07EE6}.Debug|Any CPU.Build.0 = Debug|Any CPU
		{D78F4BCF-C408-422C-A327-FEF8D8E07EE6}.Debug|x64.ActiveCfg = Debug|x64
		{D78F4BCF-C408-422C-A327-FEF8D8E07EE6}.Debug|x64.Build.0 = Debug|x64
		{D78F4BCF-C408-422C-A327-FEF8D8E07EE6}.Debug|x86.ActiveCfg = Debug|x86
		{D78F4BCF-C408-422C-A327-FEF8D8E07EE6}.Debug|x86.Build.0 = Debug|x86
		{D78F4BCF-C408-422C-A327-FEF8D8E07EE6}.Debug45|Any CPU.ActiveCfg = Debug45|Any CPU
		{D78F4BCF-C408-422C-A327-FEF8D8E07EE6}.Debug45|Any CPU.Build.0 = Debug45|Any CPU
		{D78F4BCF-C408-422C-A327-FEF8D8E07EE6}.Debug45|x64.ActiveCfg = Debug45|x64
		{D78F4BCF-C408-422C-A327-FEF8D8E07EE6}.Debug45|x64.Build.0 = Debug45|x64
		{D78F4BCF-C408-422C-A327-FEF8D8E07EE6}.Debug45|x86.ActiveCfg = Debug45|x86
		{D78F4BCF-C408-422C-A327-FEF8D8E07EE6}.Debug45|x86.Build.0 = Debug45|x86
		{D78F4BCF-C408-422C-A327-FEF8D8E07EE6}.Debug46|Any CPU.ActiveCfg = Debug46|Any CPU
		{D78F4BCF-C408-422C-A327-FEF8D8E07EE6}.Debug46|Any CPU.Build.0 = Debug46|Any CPU
		{D78F4BCF-C408-422C-A327-FEF8D8E07EE6}.Debug46|x64.ActiveCfg = Debug46|x64
		{D78F4BCF-C408-422C-A327-FEF8D8E07EE6}.Debug46|x64.Build.0 = Debug46|x64
		{D78F4BCF-C408-422C-A327-FEF8D8E07EE6}.Debug46|x86.ActiveCfg = Debug46|x86
		{D78F4BCF-C408-422C-A327-FEF8D8E07EE6}.Debug46|x86.Build.0 = Debug46|x86
		{D78F4BCF-C408-422C-A327-FEF8D8E07EE6}.Release|Any CPU.ActiveCfg = Release|Any CPU
		{D78F4BCF-C408-422C-A327-FEF8D8E07EE6}.Release|Any CPU.Build.0 = Release|Any CPU
		{D78F4BCF-C408-422C-A327-FEF8D8E07EE6}.Release|x64.ActiveCfg = Release|x64
		{D78F4BCF-C408-422C-A327-FEF8D8E07EE6}.Release|x64.Build.0 = Release|x64
		{D78F4BCF-C408-422C-A327-FEF8D8E07EE6}.Release|x86.ActiveCfg = Release|x86
		{D78F4BCF-C408-422C-A327-FEF8D8E07EE6}.Release|x86.Build.0 = Release|x86
		{D78F4BCF-C408-422C-A327-FEF8D8E07EE6}.Release45|Any CPU.ActiveCfg = Release45|Any CPU
		{D78F4BCF-C408-422C-A327-FEF8D8E07EE6}.Release45|Any CPU.Build.0 = Release45|Any CPU
		{D78F4BCF-C408-422C-A327-FEF8D8E07EE6}.Release45|x64.ActiveCfg = Release45|x64
		{D78F4BCF-C408-422C-A327-FEF8D8E07EE6}.Release45|x64.Build.0 = Release45|x64
		{D78F4BCF-C408-422C-A327-FEF8D8E07EE6}.Release45|x86.ActiveCfg = Release45|x86
		{D78F4BCF-C408-422C-A327-FEF8D8E07EE6}.Release45|x86.Build.0 = Release45|x86
		{D78F4BCF-C408-422C-A327-FEF8D8E07EE6}.Release46|Any CPU.ActiveCfg = Release46|Any CPU
		{D78F4BCF-C408-422C-A327-FEF8D8E07EE6}.Release46|Any CPU.Build.0 = Release46|Any CPU
		{D78F4BCF-C408-422C-A327-FEF8D8E07EE6}.Release46|x64.ActiveCfg = Release46|x64
		{D78F4BCF-C408-422C-A327-FEF8D8E07EE6}.Release46|x64.Build.0 = Release46|x64
		{D78F4BCF-C408-422C-A327-FEF8D8E07EE6}.Release46|x86.ActiveCfg = Release46|x86
		{D78F4BCF-C408-422C-A327-FEF8D8E07EE6}.Release46|x86.Build.0 = Release46|x86
		{BBF0486A-3B64-485D-8617-E331A631E83A}.Debug|Any CPU.ActiveCfg = Debug|Any CPU
		{BBF0486A-3B64-485D-8617-E331A631E83A}.Debug|Any CPU.Build.0 = Debug|Any CPU
		{BBF0486A-3B64-485D-8617-E331A631E83A}.Debug|x64.ActiveCfg = Debug|Any CPU
		{BBF0486A-3B64-485D-8617-E331A631E83A}.Debug|x86.ActiveCfg = Debug|Any CPU
		{BBF0486A-3B64-485D-8617-E331A631E83A}.Debug45|Any CPU.ActiveCfg = Debug|Any CPU
		{BBF0486A-3B64-485D-8617-E331A631E83A}.Debug45|Any CPU.Build.0 = Debug|Any CPU
		{BBF0486A-3B64-485D-8617-E331A631E83A}.Debug45|x64.ActiveCfg = Debug|Any CPU
		{BBF0486A-3B64-485D-8617-E331A631E83A}.Debug45|x86.ActiveCfg = Debug|Any CPU
		{BBF0486A-3B64-485D-8617-E331A631E83A}.Debug46|Any CPU.ActiveCfg = Debug|Any CPU
		{BBF0486A-3B64-485D-8617-E331A631E83A}.Debug46|Any CPU.Build.0 = Debug|Any CPU
		{BBF0486A-3B64-485D-8617-E331A631E83A}.Debug46|x64.ActiveCfg = Debug|Any CPU
		{BBF0486A-3B64-485D-8617-E331A631E83A}.Debug46|x86.ActiveCfg = Debug|Any CPU
		{BBF0486A-3B64-485D-8617-E331A631E83A}.Release|Any CPU.ActiveCfg = Release|Any CPU
		{BBF0486A-3B64-485D-8617-E331A631E83A}.Release|Any CPU.Build.0 = Release|Any CPU
		{BBF0486A-3B64-485D-8617-E331A631E83A}.Release|x64.ActiveCfg = Release|Any CPU
		{BBF0486A-3B64-485D-8617-E331A631E83A}.Release|x86.ActiveCfg = Release|Any CPU
		{BBF0486A-3B64-485D-8617-E331A631E83A}.Release45|Any CPU.ActiveCfg = Release|Any CPU
		{BBF0486A-3B64-485D-8617-E331A631E83A}.Release45|Any CPU.Build.0 = Release|Any CPU
		{BBF0486A-3B64-485D-8617-E331A631E83A}.Release45|x64.ActiveCfg = Release|Any CPU
		{BBF0486A-3B64-485D-8617-E331A631E83A}.Release45|x86.ActiveCfg = Release|Any CPU
		{BBF0486A-3B64-485D-8617-E331A631E83A}.Release46|Any CPU.ActiveCfg = Release|Any CPU
		{BBF0486A-3B64-485D-8617-E331A631E83A}.Release46|Any CPU.Build.0 = Release|Any CPU
		{BBF0486A-3B64-485D-8617-E331A631E83A}.Release46|x64.ActiveCfg = Release|Any CPU
		{BBF0486A-3B64-485D-8617-E331A631E83A}.Release46|x86.ActiveCfg = Release|Any CPU
		{F62BDB9C-0304-46D3-B088-62DA495B46DD}.Debug|Any CPU.ActiveCfg = Debug|Any CPU
		{F62BDB9C-0304-46D3-B088-62DA495B46DD}.Debug|Any CPU.Build.0 = Debug|Any CPU
		{F62BDB9C-0304-46D3-B088-62DA495B46DD}.Debug|x64.ActiveCfg = Debug|Any CPU
		{F62BDB9C-0304-46D3-B088-62DA495B46DD}.Debug|x86.ActiveCfg = Debug|Any CPU
		{F62BDB9C-0304-46D3-B088-62DA495B46DD}.Debug45|Any CPU.ActiveCfg = Debug|Any CPU
		{F62BDB9C-0304-46D3-B088-62DA495B46DD}.Debug45|Any CPU.Build.0 = Debug|Any CPU
		{F62BDB9C-0304-46D3-B088-62DA495B46DD}.Debug45|x64.ActiveCfg = Debug|Any CPU
		{F62BDB9C-0304-46D3-B088-62DA495B46DD}.Debug45|x86.ActiveCfg = Debug|Any CPU
		{F62BDB9C-0304-46D3-B088-62DA495B46DD}.Debug46|Any CPU.ActiveCfg = Debug|Any CPU
		{F62BDB9C-0304-46D3-B088-62DA495B46DD}.Debug46|Any CPU.Build.0 = Debug|Any CPU
		{F62BDB9C-0304-46D3-B088-62DA495B46DD}.Debug46|x64.ActiveCfg = Debug|Any CPU
		{F62BDB9C-0304-46D3-B088-62DA495B46DD}.Debug46|x86.ActiveCfg = Debug|Any CPU
		{F62BDB9C-0304-46D3-B088-62DA495B46DD}.Release|Any CPU.ActiveCfg = Release|Any CPU
		{F62BDB9C-0304-46D3-B088-62DA495B46DD}.Release|Any CPU.Build.0 = Release|Any CPU
		{F62BDB9C-0304-46D3-B088-62DA495B46DD}.Release|x64.ActiveCfg = Release|Any CPU
		{F62BDB9C-0304-46D3-B088-62DA495B46DD}.Release|x86.ActiveCfg = Release|Any CPU
		{F62BDB9C-0304-46D3-B088-62DA495B46DD}.Release45|Any CPU.ActiveCfg = Release45|Any CPU
		{F62BDB9C-0304-46D3-B088-62DA495B46DD}.Release45|Any CPU.Build.0 = Release45|Any CPU
		{F62BDB9C-0304-46D3-B088-62DA495B46DD}.Release45|x64.ActiveCfg = Release|Any CPU
		{F62BDB9C-0304-46D3-B088-62DA495B46DD}.Release45|x86.ActiveCfg = Release|Any CPU
		{F62BDB9C-0304-46D3-B088-62DA495B46DD}.Release46|Any CPU.ActiveCfg = Release46|Any CPU
		{F62BDB9C-0304-46D3-B088-62DA495B46DD}.Release46|Any CPU.Build.0 = Release46|Any CPU
		{F62BDB9C-0304-46D3-B088-62DA495B46DD}.Release46|x64.ActiveCfg = Release|Any CPU
		{F62BDB9C-0304-46D3-B088-62DA495B46DD}.Release46|x86.ActiveCfg = Release|Any CPU
		{47B46A21-285D-4677-A6C3-45E51CFA8562}.Debug|Any CPU.ActiveCfg = Debug|Any CPU
		{47B46A21-285D-4677-A6C3-45E51CFA8562}.Debug|Any CPU.Build.0 = Debug|Any CPU
		{47B46A21-285D-4677-A6C3-45E51CFA8562}.Debug|x64.ActiveCfg = Debug|Any CPU
		{47B46A21-285D-4677-A6C3-45E51CFA8562}.Debug|x86.ActiveCfg = Debug|Any CPU
		{47B46A21-285D-4677-A6C3-45E51CFA8562}.Debug45|Any CPU.ActiveCfg = Debug|Any CPU
		{47B46A21-285D-4677-A6C3-45E51CFA8562}.Debug45|Any CPU.Build.0 = Debug|Any CPU
		{47B46A21-285D-4677-A6C3-45E51CFA8562}.Debug45|x64.ActiveCfg = Debug|Any CPU
		{47B46A21-285D-4677-A6C3-45E51CFA8562}.Debug45|x86.ActiveCfg = Debug|Any CPU
		{47B46A21-285D-4677-A6C3-45E51CFA8562}.Debug46|Any CPU.ActiveCfg = Debug|Any CPU
		{47B46A21-285D-4677-A6C3-45E51CFA8562}.Debug46|Any CPU.Build.0 = Debug|Any CPU
		{47B46A21-285D-4677-A6C3-45E51CFA8562}.Debug46|x64.ActiveCfg = Debug|Any CPU
		{47B46A21-285D-4677-A6C3-45E51CFA8562}.Debug46|x86.ActiveCfg = Debug|Any CPU
		{47B46A21-285D-4677-A6C3-45E51CFA8562}.Release|Any CPU.ActiveCfg = Release|Any CPU
		{47B46A21-285D-4677-A6C3-45E51CFA8562}.Release|Any CPU.Build.0 = Release|Any CPU
		{47B46A21-285D-4677-A6C3-45E51CFA8562}.Release|x64.ActiveCfg = Release|Any CPU
		{47B46A21-285D-4677-A6C3-45E51CFA8562}.Release|x86.ActiveCfg = Release|Any CPU
		{47B46A21-285D-4677-A6C3-45E51CFA8562}.Release45|Any CPU.ActiveCfg = Release|Any CPU
		{47B46A21-285D-4677-A6C3-45E51CFA8562}.Release45|Any CPU.Build.0 = Release|Any CPU
		{47B46A21-285D-4677-A6C3-45E51CFA8562}.Release45|x64.ActiveCfg = Release|Any CPU
		{47B46A21-285D-4677-A6C3-45E51CFA8562}.Release45|x86.ActiveCfg = Release|Any CPU
		{47B46A21-285D-4677-A6C3-45E51CFA8562}.Release46|Any CPU.ActiveCfg = Release|Any CPU
		{47B46A21-285D-4677-A6C3-45E51CFA8562}.Release46|Any CPU.Build.0 = Release|Any CPU
		{47B46A21-285D-4677-A6C3-45E51CFA8562}.Release46|x64.ActiveCfg = Release|Any CPU
		{47B46A21-285D-4677-A6C3-45E51CFA8562}.Release46|x86.ActiveCfg = Release|Any CPU
	EndGlobalSection
	GlobalSection(SolutionProperties) = preSolution
		HideSolutionNode = FALSE
	EndGlobalSection
	GlobalSection(ExtensibilityGlobals) = postSolution
		EnterpriseLibraryConfigurationToolBinariesPath = packages\Unity.2.1.505.2\lib\NET35;packages\Unity.2.1.505.0\lib\NET35
	EndGlobalSection
EndGlobal
