
Microsoft Visual Studio Solution File, Format Version 12.00
# Visual Studio 15
VisualStudioVersion = 15.0.27703.2000
MinimumVisualStudioVersion = 10.0.40219.1
Project("{2150E333-8FDC-42A3-9474-1A3956D46DE8}") = ".nuget", ".nuget", "{0BA12171-9BB0-4985-B15F-9D4B338147E4}"
	ProjectSection(SolutionItems) = preProject
		.nuget\NuGet.Config = .nuget\NuGet.Config
		.nuget\NuGet.exe = .nuget\NuGet.exe
		.nuget\NuGet.targets = .nuget\NuGet.targets
	EndProjectSection
EndProject
Project("{FAE04EC0-301F-11D3-BF4B-00C04F79EFBC}") = "SciChart.Wpf.UI.Reactive", "SciChart.Wpf.UI.Reactive\SciChart.Wpf.UI.Reactive.csproj", "{D78F4BCF-C408-422C-A327-FEF8D8E07EE6}"
EndProject
Project("{FAE04EC0-301F-11D3-BF4B-00C04F79EFBC}") = "SciChart.Wpf.UI.Reactive.Tests", "SciChart.Wpf.UI.Reactive.Tests\SciChart.Wpf.UI.Reactive.Tests.csproj", "{BBF0486A-3B64-485D-8617-E331A631E83A}"
EndProject
Project("{FAE04EC0-301F-11D3-BF4B-00C04F79EFBC}") = "SciChart.Wpf.UI.Transitionz", "SciChart.Wpf.UI.Transitionz\SciChart.Wpf.UI.Transitionz.csproj", "{F62BDB9C-0304-46D3-B088-62DA495B46DD}"
EndProject
Project("{FAE04EC0-301F-11D3-BF4B-00C04F79EFBC}") = "SciChart.Wpf.UI.Bootstrap", "SciChart.Wpf.UI.Bootstrap\SciChart.Wpf.UI.Bootstrap.csproj", "{47B46A21-285D-4677-A6C3-45E51CFA8562}"
EndProject
Project("{FAE04EC0-301F-11D3-BF4B-00C04F79EFBC}") = "SciChart.Wpf.UI", "SciChart.Wpf.UI\SciChart.Wpf.UI.csproj", "{F0BDBCEC-D3CC-4048-849D-4C2290BC5E81}"
EndProject
Project("{FAE04EC0-301F-11D3-BF4B-00C04F79EFBC}") = "SciChart.Wpf.UI.TestApp", "SciChart.Wpf.UI.TestApp\SciChart.Wpf.UI.TestApp.csproj", "{B044C99F-C50A-4AB7-889D-FCF67E5F362F}"
EndProject
Project("{2150E333-8FDC-42A3-9474-1A3956D46DE8}") = "Library", "Library", "{834BCDD3-6BB5-4DD6-ABBB-8B7918CE17F9}"
EndProject
Project("{2150E333-8FDC-42A3-9474-1A3956D46DE8}") = "Test", "Test", "{25795967-9A4C-4C33-BA16-290CB4FE7BE8}"
EndProject
Project("{2150E333-8FDC-42A3-9474-1A3956D46DE8}") = "Example", "Example", "{E46DE830-B302-41A9-A089-127E2CAAFFF4}"
EndProject
Project("{9A19103F-16F7-4668-BE54-9A1E7A4F7556}") = "SciChart.UI.Bootstrap.Standard", "SciChart.UI.Bootstrap.Standard\SciChart.UI.Bootstrap.Standard.csproj", "{C1607F99-C31D-473C-91B3-72BFEBD1BA4D}"
EndProject
Project("{9A19103F-16F7-4668-BE54-9A1E7A4F7556}") = "SciChart.UI.Reactive.Standard", "SciChart.UI.Reactive.Standard\SciChart.UI.Reactive.Standard.csproj", "{A0748774-5921-4D3F-A52A-E4FF1C2F1248}"
EndProject
Global
	GlobalSection(SolutionConfigurationPlatforms) = preSolution
		Ad-Hoc|Any CPU = Ad-Hoc|Any CPU
		Ad-Hoc|iPhone = Ad-Hoc|iPhone
		Ad-Hoc|iPhoneSimulator = Ad-Hoc|iPhoneSimulator
		Ad-Hoc|x64 = Ad-Hoc|x64
		Ad-Hoc|x86 = Ad-Hoc|x86
		AppStore|Any CPU = AppStore|Any CPU
		AppStore|iPhone = AppStore|iPhone
		AppStore|iPhoneSimulator = AppStore|iPhoneSimulator
		AppStore|x64 = AppStore|x64
		AppStore|x86 = AppStore|x86
		Debug|Any CPU = Debug|Any CPU
		Debug|iPhone = Debug|iPhone
		Debug|iPhoneSimulator = Debug|iPhoneSimulator
		Debug|x64 = Debug|x64
		Debug|x86 = Debug|x86
		Debug45|Any CPU = Debug45|Any CPU
		Debug45|iPhone = Debug45|iPhone
		Debug45|iPhoneSimulator = Debug45|iPhoneSimulator
		Debug45|x64 = Debug45|x64
		Debug45|x86 = Debug45|x86
		Debug46|Any CPU = Debug46|Any CPU
		Debug46|iPhone = Debug46|iPhone
		Debug46|iPhoneSimulator = Debug46|iPhoneSimulator
		Debug46|x64 = Debug46|x64
		Debug46|x86 = Debug46|x86
		Release|Any CPU = Release|Any CPU
		Release|iPhone = Release|iPhone
		Release|iPhoneSimulator = Release|iPhoneSimulator
		Release|x64 = Release|x64
		Release|x86 = Release|x86
		Release45|Any CPU = Release45|Any CPU
		Release45|iPhone = Release45|iPhone
		Release45|iPhoneSimulator = Release45|iPhoneSimulator
		Release45|x64 = Release45|x64
		Release45|x86 = Release45|x86
		Release46|Any CPU = Release46|Any CPU
		Release46|iPhone = Release46|iPhone
		Release46|iPhoneSimulator = Release46|iPhoneSimulator
		Release46|x64 = Release46|x64
		Release46|x86 = Release46|x86
	EndGlobalSection
	GlobalSection(ProjectConfigurationPlatforms) = postSolution
		{D78F4BCF-C408-422C-A327-FEF8D8E07EE6}.Ad-Hoc|Any CPU.ActiveCfg = Release46|Any CPU
		{D78F4BCF-C408-422C-A327-FEF8D8E07EE6}.Ad-Hoc|Any CPU.Build.0 = Release46|Any CPU
		{D78F4BCF-C408-422C-A327-FEF8D8E07EE6}.Ad-Hoc|iPhone.ActiveCfg = Release46|Any CPU
		{D78F4BCF-C408-422C-A327-FEF8D8E07EE6}.Ad-Hoc|iPhone.Build.0 = Release46|Any CPU
		{D78F4BCF-C408-422C-A327-FEF8D8E07EE6}.Ad-Hoc|iPhoneSimulator.ActiveCfg = Release46|Any CPU
		{D78F4BCF-C408-422C-A327-FEF8D8E07EE6}.Ad-Hoc|iPhoneSimulator.Build.0 = Release46|Any CPU
		{D78F4BCF-C408-422C-A327-FEF8D8E07EE6}.Ad-Hoc|x64.ActiveCfg = Release46|x64
		{D78F4BCF-C408-422C-A327-FEF8D8E07EE6}.Ad-Hoc|x64.Build.0 = Release46|x64
		{D78F4BCF-C408-422C-A327-FEF8D8E07EE6}.Ad-Hoc|x86.ActiveCfg = Release46|x86
		{D78F4BCF-C408-422C-A327-FEF8D8E07EE6}.Ad-Hoc|x86.Build.0 = Release46|x86
		{D78F4BCF-C408-422C-A327-FEF8D8E07EE6}.AppStore|Any CPU.ActiveCfg = Release46|Any CPU
		{D78F4BCF-C408-422C-A327-FEF8D8E07EE6}.AppStore|Any CPU.Build.0 = Release46|Any CPU
		{D78F4BCF-C408-422C-A327-FEF8D8E07EE6}.AppStore|iPhone.ActiveCfg = Release46|Any CPU
		{D78F4BCF-C408-422C-A327-FEF8D8E07EE6}.AppStore|iPhone.Build.0 = Release46|Any CPU
		{D78F4BCF-C408-422C-A327-FEF8D8E07EE6}.AppStore|iPhoneSimulator.ActiveCfg = Release46|Any CPU
		{D78F4BCF-C408-422C-A327-FEF8D8E07EE6}.AppStore|iPhoneSimulator.Build.0 = Release46|Any CPU
		{D78F4BCF-C408-422C-A327-FEF8D8E07EE6}.AppStore|x64.ActiveCfg = Release46|x64
		{D78F4BCF-C408-422C-A327-FEF8D8E07EE6}.AppStore|x64.Build.0 = Release46|x64
		{D78F4BCF-C408-422C-A327-FEF8D8E07EE6}.AppStore|x86.ActiveCfg = Release46|x86
		{D78F4BCF-C408-422C-A327-FEF8D8E07EE6}.AppStore|x86.Build.0 = Release46|x86
		{D78F4BCF-C408-422C-A327-FEF8D8E07EE6}.Debug|Any CPU.ActiveCfg = Debug|Any CPU
		{D78F4BCF-C408-422C-A327-FEF8D8E07EE6}.Debug|Any CPU.Build.0 = Debug|Any CPU
		{D78F4BCF-C408-422C-A327-FEF8D8E07EE6}.Debug|iPhone.ActiveCfg = Debug|Any CPU
		{D78F4BCF-C408-422C-A327-FEF8D8E07EE6}.Debug|iPhone.Build.0 = Debug|Any CPU
		{D78F4BCF-C408-422C-A327-FEF8D8E07EE6}.Debug|iPhoneSimulator.ActiveCfg = Debug|Any CPU
		{D78F4BCF-C408-422C-A327-FEF8D8E07EE6}.Debug|iPhoneSimulator.Build.0 = Debug|Any CPU
		{D78F4BCF-C408-422C-A327-FEF8D8E07EE6}.Debug|x64.ActiveCfg = Debug|x64
		{D78F4BCF-C408-422C-A327-FEF8D8E07EE6}.Debug|x64.Build.0 = Debug|x64
		{D78F4BCF-C408-422C-A327-FEF8D8E07EE6}.Debug|x86.ActiveCfg = Debug|x86
		{D78F4BCF-C408-422C-A327-FEF8D8E07EE6}.Debug|x86.Build.0 = Debug|x86
		{D78F4BCF-C408-422C-A327-FEF8D8E07EE6}.Debug45|Any CPU.ActiveCfg = Debug45|Any CPU
		{D78F4BCF-C408-422C-A327-FEF8D8E07EE6}.Debug45|Any CPU.Build.0 = Debug45|Any CPU
		{D78F4BCF-C408-422C-A327-FEF8D8E07EE6}.Debug45|iPhone.ActiveCfg = Debug45|Any CPU
		{D78F4BCF-C408-422C-A327-FEF8D8E07EE6}.Debug45|iPhone.Build.0 = Debug45|Any CPU
		{D78F4BCF-C408-422C-A327-FEF8D8E07EE6}.Debug45|iPhoneSimulator.ActiveCfg = Debug45|Any CPU
		{D78F4BCF-C408-422C-A327-FEF8D8E07EE6}.Debug45|iPhoneSimulator.Build.0 = Debug45|Any CPU
		{D78F4BCF-C408-422C-A327-FEF8D8E07EE6}.Debug45|x64.ActiveCfg = Debug45|x64
		{D78F4BCF-C408-422C-A327-FEF8D8E07EE6}.Debug45|x64.Build.0 = Debug45|x64
		{D78F4BCF-C408-422C-A327-FEF8D8E07EE6}.Debug45|x86.ActiveCfg = Debug45|x86
		{D78F4BCF-C408-422C-A327-FEF8D8E07EE6}.Debug45|x86.Build.0 = Debug45|x86
		{D78F4BCF-C408-422C-A327-FEF8D8E07EE6}.Debug46|Any CPU.ActiveCfg = Debug46|Any CPU
		{D78F4BCF-C408-422C-A327-FEF8D8E07EE6}.Debug46|Any CPU.Build.0 = Debug46|Any CPU
		{D78F4BCF-C408-422C-A327-FEF8D8E07EE6}.Debug46|iPhone.ActiveCfg = Debug46|Any CPU
		{D78F4BCF-C408-422C-A327-FEF8D8E07EE6}.Debug46|iPhone.Build.0 = Debug46|Any CPU
		{D78F4BCF-C408-422C-A327-FEF8D8E07EE6}.Debug46|iPhoneSimulator.ActiveCfg = Debug46|Any CPU
		{D78F4BCF-C408-422C-A327-FEF8D8E07EE6}.Debug46|iPhoneSimulator.Build.0 = Debug46|Any CPU
		{D78F4BCF-C408-422C-A327-FEF8D8E07EE6}.Debug46|x64.ActiveCfg = Debug46|x64
		{D78F4BCF-C408-422C-A327-FEF8D8E07EE6}.Debug46|x64.Build.0 = Debug46|x64
		{D78F4BCF-C408-422C-A327-FEF8D8E07EE6}.Debug46|x86.ActiveCfg = Debug46|x86
		{D78F4BCF-C408-422C-A327-FEF8D8E07EE6}.Debug46|x86.Build.0 = Debug46|x86
		{D78F4BCF-C408-422C-A327-FEF8D8E07EE6}.Release|Any CPU.ActiveCfg = Release|Any CPU
		{D78F4BCF-C408-422C-A327-FEF8D8E07EE6}.Release|Any CPU.Build.0 = Release|Any CPU
		{D78F4BCF-C408-422C-A327-FEF8D8E07EE6}.Release|iPhone.ActiveCfg = Release|Any CPU
		{D78F4BCF-C408-422C-A327-FEF8D8E07EE6}.Release|iPhone.Build.0 = Release|Any CPU
		{D78F4BCF-C408-422C-A327-FEF8D8E07EE6}.Release|iPhoneSimulator.ActiveCfg = Release|Any CPU
		{D78F4BCF-C408-422C-A327-FEF8D8E07EE6}.Release|iPhoneSimulator.Build.0 = Release|Any CPU
		{D78F4BCF-C408-422C-A327-FEF8D8E07EE6}.Release|x64.ActiveCfg = Release|x64
		{D78F4BCF-C408-422C-A327-FEF8D8E07EE6}.Release|x64.Build.0 = Release|x64
		{D78F4BCF-C408-422C-A327-FEF8D8E07EE6}.Release|x86.ActiveCfg = Release|x86
		{D78F4BCF-C408-422C-A327-FEF8D8E07EE6}.Release|x86.Build.0 = Release|x86
		{D78F4BCF-C408-422C-A327-FEF8D8E07EE6}.Release45|Any CPU.ActiveCfg = Release45|Any CPU
		{D78F4BCF-C408-422C-A327-FEF8D8E07EE6}.Release45|Any CPU.Build.0 = Release45|Any CPU
		{D78F4BCF-C408-422C-A327-FEF8D8E07EE6}.Release45|iPhone.ActiveCfg = Release45|Any CPU
		{D78F4BCF-C408-422C-A327-FEF8D8E07EE6}.Release45|iPhone.Build.0 = Release45|Any CPU
		{D78F4BCF-C408-422C-A327-FEF8D8E07EE6}.Release45|iPhoneSimulator.ActiveCfg = Release45|Any CPU
		{D78F4BCF-C408-422C-A327-FEF8D8E07EE6}.Release45|iPhoneSimulator.Build.0 = Release45|Any CPU
		{D78F4BCF-C408-422C-A327-FEF8D8E07EE6}.Release45|x64.ActiveCfg = Release45|x64
		{D78F4BCF-C408-422C-A327-FEF8D8E07EE6}.Release45|x64.Build.0 = Release45|x64
		{D78F4BCF-C408-422C-A327-FEF8D8E07EE6}.Release45|x86.ActiveCfg = Release45|x86
		{D78F4BCF-C408-422C-A327-FEF8D8E07EE6}.Release45|x86.Build.0 = Release45|x86
		{D78F4BCF-C408-422C-A327-FEF8D8E07EE6}.Release46|Any CPU.ActiveCfg = Release46|Any CPU
		{D78F4BCF-C408-422C-A327-FEF8D8E07EE6}.Release46|Any CPU.Build.0 = Release46|Any CPU
		{D78F4BCF-C408-422C-A327-FEF8D8E07EE6}.Release46|iPhone.ActiveCfg = Release46|Any CPU
		{D78F4BCF-C408-422C-A327-FEF8D8E07EE6}.Release46|iPhone.Build.0 = Release46|Any CPU
		{D78F4BCF-C408-422C-A327-FEF8D8E07EE6}.Release46|iPhoneSimulator.ActiveCfg = Release46|Any CPU
		{D78F4BCF-C408-422C-A327-FEF8D8E07EE6}.Release46|iPhoneSimulator.Build.0 = Release46|Any CPU
		{D78F4BCF-C408-422C-A327-FEF8D8E07EE6}.Release46|x64.ActiveCfg = Release46|x64
		{D78F4BCF-C408-422C-A327-FEF8D8E07EE6}.Release46|x64.Build.0 = Release46|x64
		{D78F4BCF-C408-422C-A327-FEF8D8E07EE6}.Release46|x86.ActiveCfg = Release46|x86
		{D78F4BCF-C408-422C-A327-FEF8D8E07EE6}.Release46|x86.Build.0 = Release46|x86
		{BBF0486A-3B64-485D-8617-E331A631E83A}.Ad-Hoc|Any CPU.ActiveCfg = Release|Any CPU
		{BBF0486A-3B64-485D-8617-E331A631E83A}.Ad-Hoc|Any CPU.Build.0 = Release|Any CPU
		{BBF0486A-3B64-485D-8617-E331A631E83A}.Ad-Hoc|iPhone.ActiveCfg = Release|Any CPU
		{BBF0486A-3B64-485D-8617-E331A631E83A}.Ad-Hoc|iPhone.Build.0 = Release|Any CPU
		{BBF0486A-3B64-485D-8617-E331A631E83A}.Ad-Hoc|iPhoneSimulator.ActiveCfg = Release|Any CPU
		{BBF0486A-3B64-485D-8617-E331A631E83A}.Ad-Hoc|iPhoneSimulator.Build.0 = Release|Any CPU
		{BBF0486A-3B64-485D-8617-E331A631E83A}.Ad-Hoc|x64.ActiveCfg = Release|Any CPU
		{BBF0486A-3B64-485D-8617-E331A631E83A}.Ad-Hoc|x64.Build.0 = Release|Any CPU
		{BBF0486A-3B64-485D-8617-E331A631E83A}.Ad-Hoc|x86.ActiveCfg = Release|Any CPU
		{BBF0486A-3B64-485D-8617-E331A631E83A}.Ad-Hoc|x86.Build.0 = Release|Any CPU
		{BBF0486A-3B64-485D-8617-E331A631E83A}.AppStore|Any CPU.ActiveCfg = Release|Any CPU
		{BBF0486A-3B64-485D-8617-E331A631E83A}.AppStore|Any CPU.Build.0 = Release|Any CPU
		{BBF0486A-3B64-485D-8617-E331A631E83A}.AppStore|iPhone.ActiveCfg = Release|Any CPU
		{BBF0486A-3B64-485D-8617-E331A631E83A}.AppStore|iPhone.Build.0 = Release|Any CPU
		{BBF0486A-3B64-485D-8617-E331A631E83A}.AppStore|iPhoneSimulator.ActiveCfg = Release|Any CPU
		{BBF0486A-3B64-485D-8617-E331A631E83A}.AppStore|iPhoneSimulator.Build.0 = Release|Any CPU
		{BBF0486A-3B64-485D-8617-E331A631E83A}.AppStore|x64.ActiveCfg = Release|Any CPU
		{BBF0486A-3B64-485D-8617-E331A631E83A}.AppStore|x64.Build.0 = Release|Any CPU
		{BBF0486A-3B64-485D-8617-E331A631E83A}.AppStore|x86.ActiveCfg = Release|Any CPU
		{BBF0486A-3B64-485D-8617-E331A631E83A}.AppStore|x86.Build.0 = Release|Any CPU
		{BBF0486A-3B64-485D-8617-E331A631E83A}.Debug|Any CPU.ActiveCfg = Debug|Any CPU
		{BBF0486A-3B64-485D-8617-E331A631E83A}.Debug|Any CPU.Build.0 = Debug|Any CPU
		{BBF0486A-3B64-485D-8617-E331A631E83A}.Debug|iPhone.ActiveCfg = Debug|Any CPU
		{BBF0486A-3B64-485D-8617-E331A631E83A}.Debug|iPhone.Build.0 = Debug|Any CPU
		{BBF0486A-3B64-485D-8617-E331A631E83A}.Debug|iPhoneSimulator.ActiveCfg = Debug|Any CPU
		{BBF0486A-3B64-485D-8617-E331A631E83A}.Debug|iPhoneSimulator.Build.0 = Debug|Any CPU
		{BBF0486A-3B64-485D-8617-E331A631E83A}.Debug|x64.ActiveCfg = Debug|Any CPU
		{BBF0486A-3B64-485D-8617-E331A631E83A}.Debug|x86.ActiveCfg = Debug|Any CPU
		{BBF0486A-3B64-485D-8617-E331A631E83A}.Debug45|Any CPU.ActiveCfg = Debug|Any CPU
		{BBF0486A-3B64-485D-8617-E331A631E83A}.Debug45|Any CPU.Build.0 = Debug|Any CPU
		{BBF0486A-3B64-485D-8617-E331A631E83A}.Debug45|iPhone.ActiveCfg = Debug|Any CPU
		{BBF0486A-3B64-485D-8617-E331A631E83A}.Debug45|iPhone.Build.0 = Debug|Any CPU
		{BBF0486A-3B64-485D-8617-E331A631E83A}.Debug45|iPhoneSimulator.ActiveCfg = Debug|Any CPU
		{BBF0486A-3B64-485D-8617-E331A631E83A}.Debug45|iPhoneSimulator.Build.0 = Debug|Any CPU
		{BBF0486A-3B64-485D-8617-E331A631E83A}.Debug45|x64.ActiveCfg = Debug|Any CPU
		{BBF0486A-3B64-485D-8617-E331A631E83A}.Debug45|x86.ActiveCfg = Debug|Any CPU
		{BBF0486A-3B64-485D-8617-E331A631E83A}.Debug46|Any CPU.ActiveCfg = Debug|Any CPU
		{BBF0486A-3B64-485D-8617-E331A631E83A}.Debug46|Any CPU.Build.0 = Debug|Any CPU
		{BBF0486A-3B64-485D-8617-E331A631E83A}.Debug46|iPhone.ActiveCfg = Debug|Any CPU
		{BBF0486A-3B64-485D-8617-E331A631E83A}.Debug46|iPhone.Build.0 = Debug|Any CPU
		{BBF0486A-3B64-485D-8617-E331A631E83A}.Debug46|iPhoneSimulator.ActiveCfg = Debug|Any CPU
		{BBF0486A-3B64-485D-8617-E331A631E83A}.Debug46|iPhoneSimulator.Build.0 = Debug|Any CPU
		{BBF0486A-3B64-485D-8617-E331A631E83A}.Debug46|x64.ActiveCfg = Debug|Any CPU
		{BBF0486A-3B64-485D-8617-E331A631E83A}.Debug46|x86.ActiveCfg = Debug|Any CPU
		{BBF0486A-3B64-485D-8617-E331A631E83A}.Release|Any CPU.ActiveCfg = Release|Any CPU
		{BBF0486A-3B64-485D-8617-E331A631E83A}.Release|Any CPU.Build.0 = Release|Any CPU
		{BBF0486A-3B64-485D-8617-E331A631E83A}.Release|iPhone.ActiveCfg = Release|Any CPU
		{BBF0486A-3B64-485D-8617-E331A631E83A}.Release|iPhone.Build.0 = Release|Any CPU
		{BBF0486A-3B64-485D-8617-E331A631E83A}.Release|iPhoneSimulator.ActiveCfg = Release|Any CPU
		{BBF0486A-3B64-485D-8617-E331A631E83A}.Release|iPhoneSimulator.Build.0 = Release|Any CPU
		{BBF0486A-3B64-485D-8617-E331A631E83A}.Release|x64.ActiveCfg = Release|Any CPU
		{BBF0486A-3B64-485D-8617-E331A631E83A}.Release|x86.ActiveCfg = Release|Any CPU
		{BBF0486A-3B64-485D-8617-E331A631E83A}.Release45|Any CPU.ActiveCfg = Release|Any CPU
		{BBF0486A-3B64-485D-8617-E331A631E83A}.Release45|Any CPU.Build.0 = Release|Any CPU
		{BBF0486A-3B64-485D-8617-E331A631E83A}.Release45|iPhone.ActiveCfg = Release|Any CPU
		{BBF0486A-3B64-485D-8617-E331A631E83A}.Release45|iPhone.Build.0 = Release|Any CPU
		{BBF0486A-3B64-485D-8617-E331A631E83A}.Release45|iPhoneSimulator.ActiveCfg = Release|Any CPU
		{BBF0486A-3B64-485D-8617-E331A631E83A}.Release45|iPhoneSimulator.Build.0 = Release|Any CPU
		{BBF0486A-3B64-485D-8617-E331A631E83A}.Release45|x64.ActiveCfg = Release|Any CPU
		{BBF0486A-3B64-485D-8617-E331A631E83A}.Release45|x86.ActiveCfg = Release|Any CPU
		{BBF0486A-3B64-485D-8617-E331A631E83A}.Release46|Any CPU.ActiveCfg = Release|Any CPU
		{BBF0486A-3B64-485D-8617-E331A631E83A}.Release46|Any CPU.Build.0 = Release|Any CPU
		{BBF0486A-3B64-485D-8617-E331A631E83A}.Release46|iPhone.ActiveCfg = Release|Any CPU
		{BBF0486A-3B64-485D-8617-E331A631E83A}.Release46|iPhone.Build.0 = Release|Any CPU
		{BBF0486A-3B64-485D-8617-E331A631E83A}.Release46|iPhoneSimulator.ActiveCfg = Release|Any CPU
		{BBF0486A-3B64-485D-8617-E331A631E83A}.Release46|iPhoneSimulator.Build.0 = Release|Any CPU
		{BBF0486A-3B64-485D-8617-E331A631E83A}.Release46|x64.ActiveCfg = Release|Any CPU
		{BBF0486A-3B64-485D-8617-E331A631E83A}.Release46|x86.ActiveCfg = Release|Any CPU
		{F62BDB9C-0304-46D3-B088-62DA495B46DD}.Ad-Hoc|Any CPU.ActiveCfg = Release46|Any CPU
		{F62BDB9C-0304-46D3-B088-62DA495B46DD}.Ad-Hoc|Any CPU.Build.0 = Release46|Any CPU
		{F62BDB9C-0304-46D3-B088-62DA495B46DD}.Ad-Hoc|iPhone.ActiveCfg = Release46|Any CPU
		{F62BDB9C-0304-46D3-B088-62DA495B46DD}.Ad-Hoc|iPhone.Build.0 = Release46|Any CPU
		{F62BDB9C-0304-46D3-B088-62DA495B46DD}.Ad-Hoc|iPhoneSimulator.ActiveCfg = Release46|Any CPU
		{F62BDB9C-0304-46D3-B088-62DA495B46DD}.Ad-Hoc|iPhoneSimulator.Build.0 = Release46|Any CPU
		{F62BDB9C-0304-46D3-B088-62DA495B46DD}.Ad-Hoc|x64.ActiveCfg = Release46|Any CPU
		{F62BDB9C-0304-46D3-B088-62DA495B46DD}.Ad-Hoc|x64.Build.0 = Release46|Any CPU
		{F62BDB9C-0304-46D3-B088-62DA495B46DD}.Ad-Hoc|x86.ActiveCfg = Release46|Any CPU
		{F62BDB9C-0304-46D3-B088-62DA495B46DD}.Ad-Hoc|x86.Build.0 = Release46|Any CPU
		{F62BDB9C-0304-46D3-B088-62DA495B46DD}.AppStore|Any CPU.ActiveCfg = Release46|Any CPU
		{F62BDB9C-0304-46D3-B088-62DA495B46DD}.AppStore|Any CPU.Build.0 = Release46|Any CPU
		{F62BDB9C-0304-46D3-B088-62DA495B46DD}.AppStore|iPhone.ActiveCfg = Release46|Any CPU
		{F62BDB9C-0304-46D3-B088-62DA495B46DD}.AppStore|iPhone.Build.0 = Release46|Any CPU
		{F62BDB9C-0304-46D3-B088-62DA495B46DD}.AppStore|iPhoneSimulator.ActiveCfg = Release46|Any CPU
		{F62BDB9C-0304-46D3-B088-62DA495B46DD}.AppStore|iPhoneSimulator.Build.0 = Release46|Any CPU
		{F62BDB9C-0304-46D3-B088-62DA495B46DD}.AppStore|x64.ActiveCfg = Release46|Any CPU
		{F62BDB9C-0304-46D3-B088-62DA495B46DD}.AppStore|x64.Build.0 = Release46|Any CPU
		{F62BDB9C-0304-46D3-B088-62DA495B46DD}.AppStore|x86.ActiveCfg = Release46|Any CPU
		{F62BDB9C-0304-46D3-B088-62DA495B46DD}.AppStore|x86.Build.0 = Release46|Any CPU
		{F62BDB9C-0304-46D3-B088-62DA495B46DD}.Debug|Any CPU.ActiveCfg = Debug|Any CPU
		{F62BDB9C-0304-46D3-B088-62DA495B46DD}.Debug|Any CPU.Build.0 = Debug|Any CPU
		{F62BDB9C-0304-46D3-B088-62DA495B46DD}.Debug|iPhone.ActiveCfg = Debug|Any CPU
		{F62BDB9C-0304-46D3-B088-62DA495B46DD}.Debug|iPhone.Build.0 = Debug|Any CPU
		{F62BDB9C-0304-46D3-B088-62DA495B46DD}.Debug|iPhoneSimulator.ActiveCfg = Debug|Any CPU
		{F62BDB9C-0304-46D3-B088-62DA495B46DD}.Debug|iPhoneSimulator.Build.0 = Debug|Any CPU
		{F62BDB9C-0304-46D3-B088-62DA495B46DD}.Debug|x64.ActiveCfg = Debug|Any CPU
		{F62BDB9C-0304-46D3-B088-62DA495B46DD}.Debug|x86.ActiveCfg = Debug|Any CPU
		{F62BDB9C-0304-46D3-B088-62DA495B46DD}.Debug45|Any CPU.ActiveCfg = Debug|Any CPU
		{F62BDB9C-0304-46D3-B088-62DA495B46DD}.Debug45|Any CPU.Build.0 = Debug|Any CPU
		{F62BDB9C-0304-46D3-B088-62DA495B46DD}.Debug45|iPhone.ActiveCfg = Debug|Any CPU
		{F62BDB9C-0304-46D3-B088-62DA495B46DD}.Debug45|iPhone.Build.0 = Debug|Any CPU
		{F62BDB9C-0304-46D3-B088-62DA495B46DD}.Debug45|iPhoneSimulator.ActiveCfg = Debug|Any CPU
		{F62BDB9C-0304-46D3-B088-62DA495B46DD}.Debug45|iPhoneSimulator.Build.0 = Debug|Any CPU
		{F62BDB9C-0304-46D3-B088-62DA495B46DD}.Debug45|x64.ActiveCfg = Debug|Any CPU
		{F62BDB9C-0304-46D3-B088-62DA495B46DD}.Debug45|x86.ActiveCfg = Debug|Any CPU
		{F62BDB9C-0304-46D3-B088-62DA495B46DD}.Debug46|Any CPU.ActiveCfg = Debug|Any CPU
		{F62BDB9C-0304-46D3-B088-62DA495B46DD}.Debug46|Any CPU.Build.0 = Debug|Any CPU
		{F62BDB9C-0304-46D3-B088-62DA495B46DD}.Debug46|iPhone.ActiveCfg = Debug|Any CPU
		{F62BDB9C-0304-46D3-B088-62DA495B46DD}.Debug46|iPhone.Build.0 = Debug|Any CPU
		{F62BDB9C-0304-46D3-B088-62DA495B46DD}.Debug46|iPhoneSimulator.ActiveCfg = Debug|Any CPU
		{F62BDB9C-0304-46D3-B088-62DA495B46DD}.Debug46|iPhoneSimulator.Build.0 = Debug|Any CPU
		{F62BDB9C-0304-46D3-B088-62DA495B46DD}.Debug46|x64.ActiveCfg = Debug|Any CPU
		{F62BDB9C-0304-46D3-B088-62DA495B46DD}.Debug46|x86.ActiveCfg = Debug|Any CPU
		{F62BDB9C-0304-46D3-B088-62DA495B46DD}.Release|Any CPU.ActiveCfg = Release|Any CPU
		{F62BDB9C-0304-46D3-B088-62DA495B46DD}.Release|Any CPU.Build.0 = Release|Any CPU
		{F62BDB9C-0304-46D3-B088-62DA495B46DD}.Release|iPhone.ActiveCfg = Release|Any CPU
		{F62BDB9C-0304-46D3-B088-62DA495B46DD}.Release|iPhone.Build.0 = Release|Any CPU
		{F62BDB9C-0304-46D3-B088-62DA495B46DD}.Release|iPhoneSimulator.ActiveCfg = Release|Any CPU
		{F62BDB9C-0304-46D3-B088-62DA495B46DD}.Release|iPhoneSimulator.Build.0 = Release|Any CPU
		{F62BDB9C-0304-46D3-B088-62DA495B46DD}.Release|x64.ActiveCfg = Release|Any CPU
		{F62BDB9C-0304-46D3-B088-62DA495B46DD}.Release|x86.ActiveCfg = Release|Any CPU
		{F62BDB9C-0304-46D3-B088-62DA495B46DD}.Release45|Any CPU.ActiveCfg = Release45|Any CPU
		{F62BDB9C-0304-46D3-B088-62DA495B46DD}.Release45|Any CPU.Build.0 = Release45|Any CPU
		{F62BDB9C-0304-46D3-B088-62DA495B46DD}.Release45|iPhone.ActiveCfg = Release45|Any CPU
		{F62BDB9C-0304-46D3-B088-62DA495B46DD}.Release45|iPhone.Build.0 = Release45|Any CPU
		{F62BDB9C-0304-46D3-B088-62DA495B46DD}.Release45|iPhoneSimulator.ActiveCfg = Release45|Any CPU
		{F62BDB9C-0304-46D3-B088-62DA495B46DD}.Release45|iPhoneSimulator.Build.0 = Release45|Any CPU
		{F62BDB9C-0304-46D3-B088-62DA495B46DD}.Release45|x64.ActiveCfg = Release|Any CPU
		{F62BDB9C-0304-46D3-B088-62DA495B46DD}.Release45|x86.ActiveCfg = Release|Any CPU
		{F62BDB9C-0304-46D3-B088-62DA495B46DD}.Release46|Any CPU.ActiveCfg = Release46|Any CPU
		{F62BDB9C-0304-46D3-B088-62DA495B46DD}.Release46|Any CPU.Build.0 = Release46|Any CPU
		{F62BDB9C-0304-46D3-B088-62DA495B46DD}.Release46|iPhone.ActiveCfg = Release46|Any CPU
		{F62BDB9C-0304-46D3-B088-62DA495B46DD}.Release46|iPhone.Build.0 = Release46|Any CPU
		{F62BDB9C-0304-46D3-B088-62DA495B46DD}.Release46|iPhoneSimulator.ActiveCfg = Release46|Any CPU
		{F62BDB9C-0304-46D3-B088-62DA495B46DD}.Release46|iPhoneSimulator.Build.0 = Release46|Any CPU
		{F62BDB9C-0304-46D3-B088-62DA495B46DD}.Release46|x64.ActiveCfg = Release|Any CPU
		{F62BDB9C-0304-46D3-B088-62DA495B46DD}.Release46|x86.ActiveCfg = Release|Any CPU
		{47B46A21-285D-4677-A6C3-45E51CFA8562}.Ad-Hoc|Any CPU.ActiveCfg = Release46|Any CPU
		{47B46A21-285D-4677-A6C3-45E51CFA8562}.Ad-Hoc|Any CPU.Build.0 = Release46|Any CPU
		{47B46A21-285D-4677-A6C3-45E51CFA8562}.Ad-Hoc|iPhone.ActiveCfg = Release46|Any CPU
		{47B46A21-285D-4677-A6C3-45E51CFA8562}.Ad-Hoc|iPhone.Build.0 = Release46|Any CPU
		{47B46A21-285D-4677-A6C3-45E51CFA8562}.Ad-Hoc|iPhoneSimulator.ActiveCfg = Release46|Any CPU
		{47B46A21-285D-4677-A6C3-45E51CFA8562}.Ad-Hoc|iPhoneSimulator.Build.0 = Release46|Any CPU
		{47B46A21-285D-4677-A6C3-45E51CFA8562}.Ad-Hoc|x64.ActiveCfg = Release46|Any CPU
		{47B46A21-285D-4677-A6C3-45E51CFA8562}.Ad-Hoc|x64.Build.0 = Release46|Any CPU
		{47B46A21-285D-4677-A6C3-45E51CFA8562}.Ad-Hoc|x86.ActiveCfg = Release46|Any CPU
		{47B46A21-285D-4677-A6C3-45E51CFA8562}.Ad-Hoc|x86.Build.0 = Release46|Any CPU
		{47B46A21-285D-4677-A6C3-45E51CFA8562}.AppStore|Any CPU.ActiveCfg = Release46|Any CPU
		{47B46A21-285D-4677-A6C3-45E51CFA8562}.AppStore|Any CPU.Build.0 = Release46|Any CPU
		{47B46A21-285D-4677-A6C3-45E51CFA8562}.AppStore|iPhone.ActiveCfg = Release46|Any CPU
		{47B46A21-285D-4677-A6C3-45E51CFA8562}.AppStore|iPhone.Build.0 = Release46|Any CPU
		{47B46A21-285D-4677-A6C3-45E51CFA8562}.AppStore|iPhoneSimulator.ActiveCfg = Release46|Any CPU
		{47B46A21-285D-4677-A6C3-45E51CFA8562}.AppStore|iPhoneSimulator.Build.0 = Release46|Any CPU
		{47B46A21-285D-4677-A6C3-45E51CFA8562}.AppStore|x64.ActiveCfg = Release46|Any CPU
		{47B46A21-285D-4677-A6C3-45E51CFA8562}.AppStore|x64.Build.0 = Release46|Any CPU
		{47B46A21-285D-4677-A6C3-45E51CFA8562}.AppStore|x86.ActiveCfg = Release46|Any CPU
		{47B46A21-285D-4677-A6C3-45E51CFA8562}.AppStore|x86.Build.0 = Release46|Any CPU
		{47B46A21-285D-4677-A6C3-45E51CFA8562}.Debug|Any CPU.ActiveCfg = Debug|Any CPU
		{47B46A21-285D-4677-A6C3-45E51CFA8562}.Debug|Any CPU.Build.0 = Debug|Any CPU
		{47B46A21-285D-4677-A6C3-45E51CFA8562}.Debug|iPhone.ActiveCfg = Debug|Any CPU
		{47B46A21-285D-4677-A6C3-45E51CFA8562}.Debug|iPhone.Build.0 = Debug|Any CPU
		{47B46A21-285D-4677-A6C3-45E51CFA8562}.Debug|iPhoneSimulator.ActiveCfg = Debug|Any CPU
		{47B46A21-285D-4677-A6C3-45E51CFA8562}.Debug|iPhoneSimulator.Build.0 = Debug|Any CPU
		{47B46A21-285D-4677-A6C3-45E51CFA8562}.Debug|x64.ActiveCfg = Debug|Any CPU
		{47B46A21-285D-4677-A6C3-45E51CFA8562}.Debug|x86.ActiveCfg = Debug|Any CPU
		{47B46A21-285D-4677-A6C3-45E51CFA8562}.Debug45|Any CPU.ActiveCfg = Debug|Any CPU
		{47B46A21-285D-4677-A6C3-45E51CFA8562}.Debug45|Any CPU.Build.0 = Debug|Any CPU
		{47B46A21-285D-4677-A6C3-45E51CFA8562}.Debug45|iPhone.ActiveCfg = Debug|Any CPU
		{47B46A21-285D-4677-A6C3-45E51CFA8562}.Debug45|iPhone.Build.0 = Debug|Any CPU
		{47B46A21-285D-4677-A6C3-45E51CFA8562}.Debug45|iPhoneSimulator.ActiveCfg = Debug|Any CPU
		{47B46A21-285D-4677-A6C3-45E51CFA8562}.Debug45|iPhoneSimulator.Build.0 = Debug|Any CPU
		{47B46A21-285D-4677-A6C3-45E51CFA8562}.Debug45|x64.ActiveCfg = Debug|Any CPU
		{47B46A21-285D-4677-A6C3-45E51CFA8562}.Debug45|x86.ActiveCfg = Debug|Any CPU
		{47B46A21-285D-4677-A6C3-45E51CFA8562}.Debug46|Any CPU.ActiveCfg = Debug|Any CPU
		{47B46A21-285D-4677-A6C3-45E51CFA8562}.Debug46|Any CPU.Build.0 = Debug|Any CPU
		{47B46A21-285D-4677-A6C3-45E51CFA8562}.Debug46|iPhone.ActiveCfg = Debug|Any CPU
		{47B46A21-285D-4677-A6C3-45E51CFA8562}.Debug46|iPhone.Build.0 = Debug|Any CPU
		{47B46A21-285D-4677-A6C3-45E51CFA8562}.Debug46|iPhoneSimulator.ActiveCfg = Debug|Any CPU
		{47B46A21-285D-4677-A6C3-45E51CFA8562}.Debug46|iPhoneSimulator.Build.0 = Debug|Any CPU
		{47B46A21-285D-4677-A6C3-45E51CFA8562}.Debug46|x64.ActiveCfg = Debug|Any CPU
		{47B46A21-285D-4677-A6C3-45E51CFA8562}.Debug46|x86.ActiveCfg = Debug|Any CPU
		{47B46A21-285D-4677-A6C3-45E51CFA8562}.Release|Any CPU.ActiveCfg = Release|Any CPU
		{47B46A21-285D-4677-A6C3-45E51CFA8562}.Release|Any CPU.Build.0 = Release|Any CPU
		{47B46A21-285D-4677-A6C3-45E51CFA8562}.Release|iPhone.ActiveCfg = Release|Any CPU
		{47B46A21-285D-4677-A6C3-45E51CFA8562}.Release|iPhone.Build.0 = Release|Any CPU
		{47B46A21-285D-4677-A6C3-45E51CFA8562}.Release|iPhoneSimulator.ActiveCfg = Release|Any CPU
		{47B46A21-285D-4677-A6C3-45E51CFA8562}.Release|iPhoneSimulator.Build.0 = Release|Any CPU
		{47B46A21-285D-4677-A6C3-45E51CFA8562}.Release|x64.ActiveCfg = Release|Any CPU
		{47B46A21-285D-4677-A6C3-45E51CFA8562}.Release|x86.ActiveCfg = Release|Any CPU
		{47B46A21-285D-4677-A6C3-45E51CFA8562}.Release45|Any CPU.ActiveCfg = Release45|Any CPU
		{47B46A21-285D-4677-A6C3-45E51CFA8562}.Release45|Any CPU.Build.0 = Release45|Any CPU
		{47B46A21-285D-4677-A6C3-45E51CFA8562}.Release45|iPhone.ActiveCfg = Release45|Any CPU
		{47B46A21-285D-4677-A6C3-45E51CFA8562}.Release45|iPhone.Build.0 = Release45|Any CPU
		{47B46A21-285D-4677-A6C3-45E51CFA8562}.Release45|iPhoneSimulator.ActiveCfg = Release45|Any CPU
		{47B46A21-285D-4677-A6C3-45E51CFA8562}.Release45|iPhoneSimulator.Build.0 = Release45|Any CPU
		{47B46A21-285D-4677-A6C3-45E51CFA8562}.Release45|x64.ActiveCfg = Release|Any CPU
		{47B46A21-285D-4677-A6C3-45E51CFA8562}.Release45|x86.ActiveCfg = Release|Any CPU
		{47B46A21-285D-4677-A6C3-45E51CFA8562}.Release46|Any CPU.ActiveCfg = Release46|Any CPU
		{47B46A21-285D-4677-A6C3-45E51CFA8562}.Release46|Any CPU.Build.0 = Release46|Any CPU
		{47B46A21-285D-4677-A6C3-45E51CFA8562}.Release46|iPhone.ActiveCfg = Release46|Any CPU
		{47B46A21-285D-4677-A6C3-45E51CFA8562}.Release46|iPhone.Build.0 = Release46|Any CPU
		{47B46A21-285D-4677-A6C3-45E51CFA8562}.Release46|iPhoneSimulator.ActiveCfg = Release46|Any CPU
		{47B46A21-285D-4677-A6C3-45E51CFA8562}.Release46|iPhoneSimulator.Build.0 = Release46|Any CPU
		{47B46A21-285D-4677-A6C3-45E51CFA8562}.Release46|x64.ActiveCfg = Release|Any CPU
		{47B46A21-285D-4677-A6C3-45E51CFA8562}.Release46|x86.ActiveCfg = Release|Any CPU
		{F0BDBCEC-D3CC-4048-849D-4C2290BC5E81}.Ad-Hoc|Any CPU.ActiveCfg = Release46|Any CPU
		{F0BDBCEC-D3CC-4048-849D-4C2290BC5E81}.Ad-Hoc|Any CPU.Build.0 = Release46|Any CPU
		{F0BDBCEC-D3CC-4048-849D-4C2290BC5E81}.Ad-Hoc|iPhone.ActiveCfg = Release46|Any CPU
		{F0BDBCEC-D3CC-4048-849D-4C2290BC5E81}.Ad-Hoc|iPhone.Build.0 = Release46|Any CPU
		{F0BDBCEC-D3CC-4048-849D-4C2290BC5E81}.Ad-Hoc|iPhoneSimulator.ActiveCfg = Release46|Any CPU
		{F0BDBCEC-D3CC-4048-849D-4C2290BC5E81}.Ad-Hoc|iPhoneSimulator.Build.0 = Release46|Any CPU
		{F0BDBCEC-D3CC-4048-849D-4C2290BC5E81}.Ad-Hoc|x64.ActiveCfg = Release46|x64
		{F0BDBCEC-D3CC-4048-849D-4C2290BC5E81}.Ad-Hoc|x64.Build.0 = Release46|x64
		{F0BDBCEC-D3CC-4048-849D-4C2290BC5E81}.Ad-Hoc|x86.ActiveCfg = Release46|x86
		{F0BDBCEC-D3CC-4048-849D-4C2290BC5E81}.Ad-Hoc|x86.Build.0 = Release46|x86
		{F0BDBCEC-D3CC-4048-849D-4C2290BC5E81}.AppStore|Any CPU.ActiveCfg = Release46|Any CPU
		{F0BDBCEC-D3CC-4048-849D-4C2290BC5E81}.AppStore|Any CPU.Build.0 = Release46|Any CPU
		{F0BDBCEC-D3CC-4048-849D-4C2290BC5E81}.AppStore|iPhone.ActiveCfg = Release46|Any CPU
		{F0BDBCEC-D3CC-4048-849D-4C2290BC5E81}.AppStore|iPhone.Build.0 = Release46|Any CPU
		{F0BDBCEC-D3CC-4048-849D-4C2290BC5E81}.AppStore|iPhoneSimulator.ActiveCfg = Release46|Any CPU
		{F0BDBCEC-D3CC-4048-849D-4C2290BC5E81}.AppStore|iPhoneSimulator.Build.0 = Release46|Any CPU
		{F0BDBCEC-D3CC-4048-849D-4C2290BC5E81}.AppStore|x64.ActiveCfg = Release46|x64
		{F0BDBCEC-D3CC-4048-849D-4C2290BC5E81}.AppStore|x64.Build.0 = Release46|x64
		{F0BDBCEC-D3CC-4048-849D-4C2290BC5E81}.AppStore|x86.ActiveCfg = Release46|x86
		{F0BDBCEC-D3CC-4048-849D-4C2290BC5E81}.AppStore|x86.Build.0 = Release46|x86
		{F0BDBCEC-D3CC-4048-849D-4C2290BC5E81}.Debug|Any CPU.ActiveCfg = Debug|Any CPU
		{F0BDBCEC-D3CC-4048-849D-4C2290BC5E81}.Debug|Any CPU.Build.0 = Debug|Any CPU
		{F0BDBCEC-D3CC-4048-849D-4C2290BC5E81}.Debug|iPhone.ActiveCfg = Debug|Any CPU
		{F0BDBCEC-D3CC-4048-849D-4C2290BC5E81}.Debug|iPhone.Build.0 = Debug|Any CPU
		{F0BDBCEC-D3CC-4048-849D-4C2290BC5E81}.Debug|iPhoneSimulator.ActiveCfg = Debug|Any CPU
		{F0BDBCEC-D3CC-4048-849D-4C2290BC5E81}.Debug|iPhoneSimulator.Build.0 = Debug|Any CPU
		{F0BDBCEC-D3CC-4048-849D-4C2290BC5E81}.Debug|x64.ActiveCfg = Debug|x64
		{F0BDBCEC-D3CC-4048-849D-4C2290BC5E81}.Debug|x64.Build.0 = Debug|x64
		{F0BDBCEC-D3CC-4048-849D-4C2290BC5E81}.Debug|x86.ActiveCfg = Debug|x86
		{F0BDBCEC-D3CC-4048-849D-4C2290BC5E81}.Debug|x86.Build.0 = Debug|x86
		{F0BDBCEC-D3CC-4048-849D-4C2290BC5E81}.Debug45|Any CPU.ActiveCfg = Debug45|Any CPU
		{F0BDBCEC-D3CC-4048-849D-4C2290BC5E81}.Debug45|Any CPU.Build.0 = Debug45|Any CPU
		{F0BDBCEC-D3CC-4048-849D-4C2290BC5E81}.Debug45|iPhone.ActiveCfg = Debug45|Any CPU
		{F0BDBCEC-D3CC-4048-849D-4C2290BC5E81}.Debug45|iPhone.Build.0 = Debug45|Any CPU
		{F0BDBCEC-D3CC-4048-849D-4C2290BC5E81}.Debug45|iPhoneSimulator.ActiveCfg = Debug45|Any CPU
		{F0BDBCEC-D3CC-4048-849D-4C2290BC5E81}.Debug45|iPhoneSimulator.Build.0 = Debug45|Any CPU
		{F0BDBCEC-D3CC-4048-849D-4C2290BC5E81}.Debug45|x64.ActiveCfg = Debug45|x64
		{F0BDBCEC-D3CC-4048-849D-4C2290BC5E81}.Debug45|x64.Build.0 = Debug45|x64
		{F0BDBCEC-D3CC-4048-849D-4C2290BC5E81}.Debug45|x86.ActiveCfg = Debug45|x86
		{F0BDBCEC-D3CC-4048-849D-4C2290BC5E81}.Debug45|x86.Build.0 = Debug45|x86
		{F0BDBCEC-D3CC-4048-849D-4C2290BC5E81}.Debug46|Any CPU.ActiveCfg = Debug46|Any CPU
		{F0BDBCEC-D3CC-4048-849D-4C2290BC5E81}.Debug46|Any CPU.Build.0 = Debug46|Any CPU
		{F0BDBCEC-D3CC-4048-849D-4C2290BC5E81}.Debug46|iPhone.ActiveCfg = Debug46|Any CPU
		{F0BDBCEC-D3CC-4048-849D-4C2290BC5E81}.Debug46|iPhone.Build.0 = Debug46|Any CPU
		{F0BDBCEC-D3CC-4048-849D-4C2290BC5E81}.Debug46|iPhoneSimulator.ActiveCfg = Debug46|Any CPU
		{F0BDBCEC-D3CC-4048-849D-4C2290BC5E81}.Debug46|iPhoneSimulator.Build.0 = Debug46|Any CPU
		{F0BDBCEC-D3CC-4048-849D-4C2290BC5E81}.Debug46|x64.ActiveCfg = Debug46|x64
		{F0BDBCEC-D3CC-4048-849D-4C2290BC5E81}.Debug46|x64.Build.0 = Debug46|x64
		{F0BDBCEC-D3CC-4048-849D-4C2290BC5E81}.Debug46|x86.ActiveCfg = Debug46|x86
		{F0BDBCEC-D3CC-4048-849D-4C2290BC5E81}.Debug46|x86.Build.0 = Debug46|x86
		{F0BDBCEC-D3CC-4048-849D-4C2290BC5E81}.Release|Any CPU.ActiveCfg = Release|Any CPU
		{F0BDBCEC-D3CC-4048-849D-4C2290BC5E81}.Release|Any CPU.Build.0 = Release|Any CPU
		{F0BDBCEC-D3CC-4048-849D-4C2290BC5E81}.Release|iPhone.ActiveCfg = Release|Any CPU
		{F0BDBCEC-D3CC-4048-849D-4C2290BC5E81}.Release|iPhone.Build.0 = Release|Any CPU
		{F0BDBCEC-D3CC-4048-849D-4C2290BC5E81}.Release|iPhoneSimulator.ActiveCfg = Release|Any CPU
		{F0BDBCEC-D3CC-4048-849D-4C2290BC5E81}.Release|iPhoneSimulator.Build.0 = Release|Any CPU
		{F0BDBCEC-D3CC-4048-849D-4C2290BC5E81}.Release|x64.ActiveCfg = Release|x64
		{F0BDBCEC-D3CC-4048-849D-4C2290BC5E81}.Release|x64.Build.0 = Release|x64
		{F0BDBCEC-D3CC-4048-849D-4C2290BC5E81}.Release|x86.ActiveCfg = Release|x86
		{F0BDBCEC-D3CC-4048-849D-4C2290BC5E81}.Release|x86.Build.0 = Release|x86
		{F0BDBCEC-D3CC-4048-849D-4C2290BC5E81}.Release45|Any CPU.ActiveCfg = Release45|Any CPU
		{F0BDBCEC-D3CC-4048-849D-4C2290BC5E81}.Release45|Any CPU.Build.0 = Release45|Any CPU
		{F0BDBCEC-D3CC-4048-849D-4C2290BC5E81}.Release45|iPhone.ActiveCfg = Release45|Any CPU
		{F0BDBCEC-D3CC-4048-849D-4C2290BC5E81}.Release45|iPhone.Build.0 = Release45|Any CPU
		{F0BDBCEC-D3CC-4048-849D-4C2290BC5E81}.Release45|iPhoneSimulator.ActiveCfg = Release45|Any CPU
		{F0BDBCEC-D3CC-4048-849D-4C2290BC5E81}.Release45|iPhoneSimulator.Build.0 = Release45|Any CPU
		{F0BDBCEC-D3CC-4048-849D-4C2290BC5E81}.Release45|x64.ActiveCfg = Release45|x64
		{F0BDBCEC-D3CC-4048-849D-4C2290BC5E81}.Release45|x64.Build.0 = Release45|x64
		{F0BDBCEC-D3CC-4048-849D-4C2290BC5E81}.Release45|x86.ActiveCfg = Release45|x86
		{F0BDBCEC-D3CC-4048-849D-4C2290BC5E81}.Release45|x86.Build.0 = Release45|x86
		{F0BDBCEC-D3CC-4048-849D-4C2290BC5E81}.Release46|Any CPU.ActiveCfg = Release46|Any CPU
		{F0BDBCEC-D3CC-4048-849D-4C2290BC5E81}.Release46|Any CPU.Build.0 = Release46|Any CPU
		{F0BDBCEC-D3CC-4048-849D-4C2290BC5E81}.Release46|iPhone.ActiveCfg = Release46|Any CPU
		{F0BDBCEC-D3CC-4048-849D-4C2290BC5E81}.Release46|iPhone.Build.0 = Release46|Any CPU
		{F0BDBCEC-D3CC-4048-849D-4C2290BC5E81}.Release46|iPhoneSimulator.ActiveCfg = Release46|Any CPU
		{F0BDBCEC-D3CC-4048-849D-4C2290BC5E81}.Release46|iPhoneSimulator.Build.0 = Release46|Any CPU
		{F0BDBCEC-D3CC-4048-849D-4C2290BC5E81}.Release46|x64.ActiveCfg = Release46|x64
		{F0BDBCEC-D3CC-4048-849D-4C2290BC5E81}.Release46|x64.Build.0 = Release46|x64
		{F0BDBCEC-D3CC-4048-849D-4C2290BC5E81}.Release46|x86.ActiveCfg = Release46|x86
		{F0BDBCEC-D3CC-4048-849D-4C2290BC5E81}.Release46|x86.Build.0 = Release46|x86
		{B044C99F-C50A-4AB7-889D-FCF67E5F362F}.Ad-Hoc|Any CPU.ActiveCfg = Release|Any CPU
		{B044C99F-C50A-4AB7-889D-FCF67E5F362F}.Ad-Hoc|Any CPU.Build.0 = Release|Any CPU
		{B044C99F-C50A-4AB7-889D-FCF67E5F362F}.Ad-Hoc|iPhone.ActiveCfg = Release|Any CPU
		{B044C99F-C50A-4AB7-889D-FCF67E5F362F}.Ad-Hoc|iPhone.Build.0 = Release|Any CPU
		{B044C99F-C50A-4AB7-889D-FCF67E5F362F}.Ad-Hoc|iPhoneSimulator.ActiveCfg = Release|Any CPU
		{B044C99F-C50A-4AB7-889D-FCF67E5F362F}.Ad-Hoc|iPhoneSimulator.Build.0 = Release|Any CPU
		{B044C99F-C50A-4AB7-889D-FCF67E5F362F}.Ad-Hoc|x64.ActiveCfg = Release|Any CPU
		{B044C99F-C50A-4AB7-889D-FCF67E5F362F}.Ad-Hoc|x64.Build.0 = Release|Any CPU
		{B044C99F-C50A-4AB7-889D-FCF67E5F362F}.Ad-Hoc|x86.ActiveCfg = Release|Any CPU
		{B044C99F-C50A-4AB7-889D-FCF67E5F362F}.Ad-Hoc|x86.Build.0 = Release|Any CPU
		{B044C99F-C50A-4AB7-889D-FCF67E5F362F}.AppStore|Any CPU.ActiveCfg = Release|Any CPU
		{B044C99F-C50A-4AB7-889D-FCF67E5F362F}.AppStore|Any CPU.Build.0 = Release|Any CPU
		{B044C99F-C50A-4AB7-889D-FCF67E5F362F}.AppStore|iPhone.ActiveCfg = Release|Any CPU
		{B044C99F-C50A-4AB7-889D-FCF67E5F362F}.AppStore|iPhone.Build.0 = Release|Any CPU
		{B044C99F-C50A-4AB7-889D-FCF67E5F362F}.AppStore|iPhoneSimulator.ActiveCfg = Release|Any CPU
		{B044C99F-C50A-4AB7-889D-FCF67E5F362F}.AppStore|iPhoneSimulator.Build.0 = Release|Any CPU
		{B044C99F-C50A-4AB7-889D-FCF67E5F362F}.AppStore|x64.ActiveCfg = Release|Any CPU
		{B044C99F-C50A-4AB7-889D-FCF67E5F362F}.AppStore|x64.Build.0 = Release|Any CPU
		{B044C99F-C50A-4AB7-889D-FCF67E5F362F}.AppStore|x86.ActiveCfg = Release|Any CPU
		{B044C99F-C50A-4AB7-889D-FCF67E5F362F}.AppStore|x86.Build.0 = Release|Any CPU
		{B044C99F-C50A-4AB7-889D-FCF67E5F362F}.Debug|Any CPU.ActiveCfg = Debug|Any CPU
		{B044C99F-C50A-4AB7-889D-FCF67E5F362F}.Debug|Any CPU.Build.0 = Debug|Any CPU
		{B044C99F-C50A-4AB7-889D-FCF67E5F362F}.Debug|iPhone.ActiveCfg = Debug|Any CPU
		{B044C99F-C50A-4AB7-889D-FCF67E5F362F}.Debug|iPhone.Build.0 = Debug|Any CPU
		{B044C99F-C50A-4AB7-889D-FCF67E5F362F}.Debug|iPhoneSimulator.ActiveCfg = Debug|Any CPU
		{B044C99F-C50A-4AB7-889D-FCF67E5F362F}.Debug|iPhoneSimulator.Build.0 = Debug|Any CPU
		{B044C99F-C50A-4AB7-889D-FCF67E5F362F}.Debug|x64.ActiveCfg = Debug|Any CPU
		{B044C99F-C50A-4AB7-889D-FCF67E5F362F}.Debug|x86.ActiveCfg = Debug|Any CPU
		{B044C99F-C50A-4AB7-889D-FCF67E5F362F}.Debug45|Any CPU.ActiveCfg = Debug|Any CPU
		{B044C99F-C50A-4AB7-889D-FCF67E5F362F}.Debug45|Any CPU.Build.0 = Debug|Any CPU
		{B044C99F-C50A-4AB7-889D-FCF67E5F362F}.Debug45|iPhone.ActiveCfg = Debug|Any CPU
		{B044C99F-C50A-4AB7-889D-FCF67E5F362F}.Debug45|iPhone.Build.0 = Debug|Any CPU
		{B044C99F-C50A-4AB7-889D-FCF67E5F362F}.Debug45|iPhoneSimulator.ActiveCfg = Debug|Any CPU
		{B044C99F-C50A-4AB7-889D-FCF67E5F362F}.Debug45|iPhoneSimulator.Build.0 = Debug|Any CPU
		{B044C99F-C50A-4AB7-889D-FCF67E5F362F}.Debug45|x64.ActiveCfg = Debug|Any CPU
		{B044C99F-C50A-4AB7-889D-FCF67E5F362F}.Debug45|x86.ActiveCfg = Debug|Any CPU
		{B044C99F-C50A-4AB7-889D-FCF67E5F362F}.Debug46|Any CPU.ActiveCfg = Debug|Any CPU
		{B044C99F-C50A-4AB7-889D-FCF67E5F362F}.Debug46|Any CPU.Build.0 = Debug|Any CPU
		{B044C99F-C50A-4AB7-889D-FCF67E5F362F}.Debug46|iPhone.ActiveCfg = Debug|Any CPU
		{B044C99F-C50A-4AB7-889D-FCF67E5F362F}.Debug46|iPhone.Build.0 = Debug|Any CPU
		{B044C99F-C50A-4AB7-889D-FCF67E5F362F}.Debug46|iPhoneSimulator.ActiveCfg = Debug|Any CPU
		{B044C99F-C50A-4AB7-889D-FCF67E5F362F}.Debug46|iPhoneSimulator.Build.0 = Debug|Any CPU
		{B044C99F-C50A-4AB7-889D-FCF67E5F362F}.Debug46|x64.ActiveCfg = Debug|Any CPU
		{B044C99F-C50A-4AB7-889D-FCF67E5F362F}.Debug46|x86.ActiveCfg = Debug|Any CPU
		{B044C99F-C50A-4AB7-889D-FCF67E5F362F}.Release|Any CPU.ActiveCfg = Release|Any CPU
		{B044C99F-C50A-4AB7-889D-FCF67E5F362F}.Release|Any CPU.Build.0 = Release|Any CPU
		{B044C99F-C50A-4AB7-889D-FCF67E5F362F}.Release|iPhone.ActiveCfg = Release|Any CPU
		{B044C99F-C50A-4AB7-889D-FCF67E5F362F}.Release|iPhone.Build.0 = Release|Any CPU
		{B044C99F-C50A-4AB7-889D-FCF67E5F362F}.Release|iPhoneSimulator.ActiveCfg = Release|Any CPU
		{B044C99F-C50A-4AB7-889D-FCF67E5F362F}.Release|iPhoneSimulator.Build.0 = Release|Any CPU
		{B044C99F-C50A-4AB7-889D-FCF67E5F362F}.Release|x64.ActiveCfg = Release|Any CPU
		{B044C99F-C50A-4AB7-889D-FCF67E5F362F}.Release|x86.ActiveCfg = Release|Any CPU
		{B044C99F-C50A-4AB7-889D-FCF67E5F362F}.Release45|Any CPU.ActiveCfg = Release|Any CPU
		{B044C99F-C50A-4AB7-889D-FCF67E5F362F}.Release45|Any CPU.Build.0 = Release|Any CPU
		{B044C99F-C50A-4AB7-889D-FCF67E5F362F}.Release45|iPhone.ActiveCfg = Release|Any CPU
		{B044C99F-C50A-4AB7-889D-FCF67E5F362F}.Release45|iPhone.Build.0 = Release|Any CPU
		{B044C99F-C50A-4AB7-889D-FCF67E5F362F}.Release45|iPhoneSimulator.ActiveCfg = Release|Any CPU
		{B044C99F-C50A-4AB7-889D-FCF67E5F362F}.Release45|iPhoneSimulator.Build.0 = Release|Any CPU
		{B044C99F-C50A-4AB7-889D-FCF67E5F362F}.Release45|x64.ActiveCfg = Release|Any CPU
		{B044C99F-C50A-4AB7-889D-FCF67E5F362F}.Release45|x86.ActiveCfg = Release|Any CPU
		{B044C99F-C50A-4AB7-889D-FCF67E5F362F}.Release46|Any CPU.ActiveCfg = Release|Any CPU
		{B044C99F-C50A-4AB7-889D-FCF67E5F362F}.Release46|Any CPU.Build.0 = Release|Any CPU
		{B044C99F-C50A-4AB7-889D-FCF67E5F362F}.Release46|iPhone.ActiveCfg = Release|Any CPU
		{B044C99F-C50A-4AB7-889D-FCF67E5F362F}.Release46|iPhone.Build.0 = Release|Any CPU
		{B044C99F-C50A-4AB7-889D-FCF67E5F362F}.Release46|iPhoneSimulator.ActiveCfg = Release|Any CPU
		{B044C99F-C50A-4AB7-889D-FCF67E5F362F}.Release46|iPhoneSimulator.Build.0 = Release|Any CPU
		{B044C99F-C50A-4AB7-889D-FCF67E5F362F}.Release46|x64.ActiveCfg = Release|Any CPU
		{B044C99F-C50A-4AB7-889D-FCF67E5F362F}.Release46|x86.ActiveCfg = Release|Any CPU
		{C1607F99-C31D-473C-91B3-72BFEBD1BA4D}.Ad-Hoc|Any CPU.ActiveCfg = Debug|Any CPU
		{C1607F99-C31D-473C-91B3-72BFEBD1BA4D}.Ad-Hoc|Any CPU.Build.0 = Debug|Any CPU
		{C1607F99-C31D-473C-91B3-72BFEBD1BA4D}.Ad-Hoc|iPhone.ActiveCfg = Debug|Any CPU
		{C1607F99-C31D-473C-91B3-72BFEBD1BA4D}.Ad-Hoc|iPhone.Build.0 = Debug|Any CPU
		{C1607F99-C31D-473C-91B3-72BFEBD1BA4D}.Ad-Hoc|iPhoneSimulator.ActiveCfg = Debug|Any CPU
		{C1607F99-C31D-473C-91B3-72BFEBD1BA4D}.Ad-Hoc|iPhoneSimulator.Build.0 = Debug|Any CPU
		{C1607F99-C31D-473C-91B3-72BFEBD1BA4D}.Ad-Hoc|x64.ActiveCfg = Debug|Any CPU
		{C1607F99-C31D-473C-91B3-72BFEBD1BA4D}.Ad-Hoc|x64.Build.0 = Debug|Any CPU
		{C1607F99-C31D-473C-91B3-72BFEBD1BA4D}.Ad-Hoc|x86.ActiveCfg = Debug|Any CPU
		{C1607F99-C31D-473C-91B3-72BFEBD1BA4D}.Ad-Hoc|x86.Build.0 = Debug|Any CPU
		{C1607F99-C31D-473C-91B3-72BFEBD1BA4D}.AppStore|Any CPU.ActiveCfg = Debug|Any CPU
		{C1607F99-C31D-473C-91B3-72BFEBD1BA4D}.AppStore|Any CPU.Build.0 = Debug|Any CPU
		{C1607F99-C31D-473C-91B3-72BFEBD1BA4D}.AppStore|iPhone.ActiveCfg = Debug|Any CPU
		{C1607F99-C31D-473C-91B3-72BFEBD1BA4D}.AppStore|iPhone.Build.0 = Debug|Any CPU
		{C1607F99-C31D-473C-91B3-72BFEBD1BA4D}.AppStore|iPhoneSimulator.ActiveCfg = Debug|Any CPU
		{C1607F99-C31D-473C-91B3-72BFEBD1BA4D}.AppStore|iPhoneSimulator.Build.0 = Debug|Any CPU
		{C1607F99-C31D-473C-91B3-72BFEBD1BA4D}.AppStore|x64.ActiveCfg = Debug|Any CPU
		{C1607F99-C31D-473C-91B3-72BFEBD1BA4D}.AppStore|x64.Build.0 = Debug|Any CPU
		{C1607F99-C31D-473C-91B3-72BFEBD1BA4D}.AppStore|x86.ActiveCfg = Debug|Any CPU
		{C1607F99-C31D-473C-91B3-72BFEBD1BA4D}.AppStore|x86.Build.0 = Debug|Any CPU
		{C1607F99-C31D-473C-91B3-72BFEBD1BA4D}.Debug|Any CPU.ActiveCfg = Debug|Any CPU
		{C1607F99-C31D-473C-91B3-72BFEBD1BA4D}.Debug|Any CPU.Build.0 = Debug|Any CPU
		{C1607F99-C31D-473C-91B3-72BFEBD1BA4D}.Debug|iPhone.ActiveCfg = Debug|Any CPU
		{C1607F99-C31D-473C-91B3-72BFEBD1BA4D}.Debug|iPhone.Build.0 = Debug|Any CPU
		{C1607F99-C31D-473C-91B3-72BFEBD1BA4D}.Debug|iPhoneSimulator.ActiveCfg = Debug|Any CPU
		{C1607F99-C31D-473C-91B3-72BFEBD1BA4D}.Debug|iPhoneSimulator.Build.0 = Debug|Any CPU
		{C1607F99-C31D-473C-91B3-72BFEBD1BA4D}.Debug|x64.ActiveCfg = Debug|Any CPU
		{C1607F99-C31D-473C-91B3-72BFEBD1BA4D}.Debug|x64.Build.0 = Debug|Any CPU
		{C1607F99-C31D-473C-91B3-72BFEBD1BA4D}.Debug|x86.ActiveCfg = Debug|Any CPU
		{C1607F99-C31D-473C-91B3-72BFEBD1BA4D}.Debug|x86.Build.0 = Debug|Any CPU
		{C1607F99-C31D-473C-91B3-72BFEBD1BA4D}.Debug45|Any CPU.ActiveCfg = Debug|Any CPU
		{C1607F99-C31D-473C-91B3-72BFEBD1BA4D}.Debug45|Any CPU.Build.0 = Debug|Any CPU
		{C1607F99-C31D-473C-91B3-72BFEBD1BA4D}.Debug45|iPhone.ActiveCfg = Debug|Any CPU
		{C1607F99-C31D-473C-91B3-72BFEBD1BA4D}.Debug45|iPhone.Build.0 = Debug|Any CPU
		{C1607F99-C31D-473C-91B3-72BFEBD1BA4D}.Debug45|iPhoneSimulator.ActiveCfg = Debug|Any CPU
		{C1607F99-C31D-473C-91B3-72BFEBD1BA4D}.Debug45|iPhoneSimulator.Build.0 = Debug|Any CPU
		{C1607F99-C31D-473C-91B3-72BFEBD1BA4D}.Debug45|x64.ActiveCfg = Debug|Any CPU
		{C1607F99-C31D-473C-91B3-72BFEBD1BA4D}.Debug45|x64.Build.0 = Debug|Any CPU
		{C1607F99-C31D-473C-91B3-72BFEBD1BA4D}.Debug45|x86.ActiveCfg = Debug|Any CPU
		{C1607F99-C31D-473C-91B3-72BFEBD1BA4D}.Debug45|x86.Build.0 = Debug|Any CPU
		{C1607F99-C31D-473C-91B3-72BFEBD1BA4D}.Debug46|Any CPU.ActiveCfg = Debug|Any CPU
		{C1607F99-C31D-473C-91B3-72BFEBD1BA4D}.Debug46|Any CPU.Build.0 = Debug|Any CPU
		{C1607F99-C31D-473C-91B3-72BFEBD1BA4D}.Debug46|iPhone.ActiveCfg = Debug|Any CPU
		{C1607F99-C31D-473C-91B3-72BFEBD1BA4D}.Debug46|iPhone.Build.0 = Debug|Any CPU
		{C1607F99-C31D-473C-91B3-72BFEBD1BA4D}.Debug46|iPhoneSimulator.ActiveCfg = Debug|Any CPU
		{C1607F99-C31D-473C-91B3-72BFEBD1BA4D}.Debug46|iPhoneSimulator.Build.0 = Debug|Any CPU
		{C1607F99-C31D-473C-91B3-72BFEBD1BA4D}.Debug46|x64.ActiveCfg = Debug|Any CPU
		{C1607F99-C31D-473C-91B3-72BFEBD1BA4D}.Debug46|x64.Build.0 = Debug|Any CPU
		{C1607F99-C31D-473C-91B3-72BFEBD1BA4D}.Debug46|x86.ActiveCfg = Debug|Any CPU
		{C1607F99-C31D-473C-91B3-72BFEBD1BA4D}.Debug46|x86.Build.0 = Debug|Any CPU
		{C1607F99-C31D-473C-91B3-72BFEBD1BA4D}.Release|Any CPU.ActiveCfg = Release|Any CPU
		{C1607F99-C31D-473C-91B3-72BFEBD1BA4D}.Release|Any CPU.Build.0 = Release|Any CPU
		{C1607F99-C31D-473C-91B3-72BFEBD1BA4D}.Release|iPhone.ActiveCfg = Release|Any CPU
		{C1607F99-C31D-473C-91B3-72BFEBD1BA4D}.Release|iPhone.Build.0 = Release|Any CPU
		{C1607F99-C31D-473C-91B3-72BFEBD1BA4D}.Release|iPhoneSimulator.ActiveCfg = Release|Any CPU
		{C1607F99-C31D-473C-91B3-72BFEBD1BA4D}.Release|iPhoneSimulator.Build.0 = Release|Any CPU
		{C1607F99-C31D-473C-91B3-72BFEBD1BA4D}.Release|x64.ActiveCfg = Release|Any CPU
		{C1607F99-C31D-473C-91B3-72BFEBD1BA4D}.Release|x64.Build.0 = Release|Any CPU
		{C1607F99-C31D-473C-91B3-72BFEBD1BA4D}.Release|x86.ActiveCfg = Release|Any CPU
		{C1607F99-C31D-473C-91B3-72BFEBD1BA4D}.Release|x86.Build.0 = Release|Any CPU
		{C1607F99-C31D-473C-91B3-72BFEBD1BA4D}.Release45|Any CPU.ActiveCfg = Release|Any CPU
		{C1607F99-C31D-473C-91B3-72BFEBD1BA4D}.Release45|Any CPU.Build.0 = Release|Any CPU
		{C1607F99-C31D-473C-91B3-72BFEBD1BA4D}.Release45|iPhone.ActiveCfg = Release|Any CPU
		{C1607F99-C31D-473C-91B3-72BFEBD1BA4D}.Release45|iPhone.Build.0 = Release|Any CPU
		{C1607F99-C31D-473C-91B3-72BFEBD1BA4D}.Release45|iPhoneSimulator.ActiveCfg = Release|Any CPU
		{C1607F99-C31D-473C-91B3-72BFEBD1BA4D}.Release45|iPhoneSimulator.Build.0 = Release|Any CPU
		{C1607F99-C31D-473C-91B3-72BFEBD1BA4D}.Release45|x64.ActiveCfg = Release|Any CPU
		{C1607F99-C31D-473C-91B3-72BFEBD1BA4D}.Release45|x64.Build.0 = Release|Any CPU
		{C1607F99-C31D-473C-91B3-72BFEBD1BA4D}.Release45|x86.ActiveCfg = Release|Any CPU
		{C1607F99-C31D-473C-91B3-72BFEBD1BA4D}.Release45|x86.Build.0 = Release|Any CPU
		{C1607F99-C31D-473C-91B3-72BFEBD1BA4D}.Release46|Any CPU.ActiveCfg = Release|Any CPU
		{C1607F99-C31D-473C-91B3-72BFEBD1BA4D}.Release46|Any CPU.Build.0 = Release|Any CPU
		{C1607F99-C31D-473C-91B3-72BFEBD1BA4D}.Release46|iPhone.ActiveCfg = Release|Any CPU
		{C1607F99-C31D-473C-91B3-72BFEBD1BA4D}.Release46|iPhone.Build.0 = Release|Any CPU
		{C1607F99-C31D-473C-91B3-72BFEBD1BA4D}.Release46|iPhoneSimulator.ActiveCfg = Release|Any CPU
		{C1607F99-C31D-473C-91B3-72BFEBD1BA4D}.Release46|iPhoneSimulator.Build.0 = Release|Any CPU
		{C1607F99-C31D-473C-91B3-72BFEBD1BA4D}.Release46|x64.ActiveCfg = Release|Any CPU
		{C1607F99-C31D-473C-91B3-72BFEBD1BA4D}.Release46|x64.Build.0 = Release|Any CPU
		{C1607F99-C31D-473C-91B3-72BFEBD1BA4D}.Release46|x86.ActiveCfg = Release|Any CPU
		{C1607F99-C31D-473C-91B3-72BFEBD1BA4D}.Release46|x86.Build.0 = Release|Any CPU
		{A0748774-5921-4D3F-A52A-E4FF1C2F1248}.Ad-Hoc|Any CPU.ActiveCfg = Debug|Any CPU
		{A0748774-5921-4D3F-A52A-E4FF1C2F1248}.Ad-Hoc|Any CPU.Build.0 = Debug|Any CPU
		{A0748774-5921-4D3F-A52A-E4FF1C2F1248}.Ad-Hoc|iPhone.ActiveCfg = Debug|Any CPU
		{A0748774-5921-4D3F-A52A-E4FF1C2F1248}.Ad-Hoc|iPhone.Build.0 = Debug|Any CPU
		{A0748774-5921-4D3F-A52A-E4FF1C2F1248}.Ad-Hoc|iPhoneSimulator.ActiveCfg = Debug|Any CPU
		{A0748774-5921-4D3F-A52A-E4FF1C2F1248}.Ad-Hoc|iPhoneSimulator.Build.0 = Debug|Any CPU
		{A0748774-5921-4D3F-A52A-E4FF1C2F1248}.Ad-Hoc|x64.ActiveCfg = Debug|Any CPU
		{A0748774-5921-4D3F-A52A-E4FF1C2F1248}.Ad-Hoc|x64.Build.0 = Debug|Any CPU
		{A0748774-5921-4D3F-A52A-E4FF1C2F1248}.Ad-Hoc|x86.ActiveCfg = Debug|Any CPU
		{A0748774-5921-4D3F-A52A-E4FF1C2F1248}.Ad-Hoc|x86.Build.0 = Debug|Any CPU
		{A0748774-5921-4D3F-A52A-E4FF1C2F1248}.AppStore|Any CPU.ActiveCfg = Debug|Any CPU
		{A0748774-5921-4D3F-A52A-E4FF1C2F1248}.AppStore|Any CPU.Build.0 = Debug|Any CPU
		{A0748774-5921-4D3F-A52A-E4FF1C2F1248}.AppStore|iPhone.ActiveCfg = Debug|Any CPU
		{A0748774-5921-4D3F-A52A-E4FF1C2F1248}.AppStore|iPhone.Build.0 = Debug|Any CPU
		{A0748774-5921-4D3F-A52A-E4FF1C2F1248}.AppStore|iPhoneSimulator.ActiveCfg = Debug|Any CPU
		{A0748774-5921-4D3F-A52A-E4FF1C2F1248}.AppStore|iPhoneSimulator.Build.0 = Debug|Any CPU
		{A0748774-5921-4D3F-A52A-E4FF1C2F1248}.AppStore|x64.ActiveCfg = Debug|Any CPU
		{A0748774-5921-4D3F-A52A-E4FF1C2F1248}.AppStore|x64.Build.0 = Debug|Any CPU
		{A0748774-5921-4D3F-A52A-E4FF1C2F1248}.AppStore|x86.ActiveCfg = Debug|Any CPU
		{A0748774-5921-4D3F-A52A-E4FF1C2F1248}.AppStore|x86.Build.0 = Debug|Any CPU
		{A0748774-5921-4D3F-A52A-E4FF1C2F1248}.Debug|Any CPU.ActiveCfg = Debug|Any CPU
		{A0748774-5921-4D3F-A52A-E4FF1C2F1248}.Debug|Any CPU.Build.0 = Debug|Any CPU
		{A0748774-5921-4D3F-A52A-E4FF1C2F1248}.Debug|iPhone.ActiveCfg = Debug|Any CPU
		{A0748774-5921-4D3F-A52A-E4FF1C2F1248}.Debug|iPhone.Build.0 = Debug|Any CPU
		{A0748774-5921-4D3F-A52A-E4FF1C2F1248}.Debug|iPhoneSimulator.ActiveCfg = Debug|Any CPU
		{A0748774-5921-4D3F-A52A-E4FF1C2F1248}.Debug|iPhoneSimulator.Build.0 = Debug|Any CPU
		{A0748774-5921-4D3F-A52A-E4FF1C2F1248}.Debug|x64.ActiveCfg = Debug|Any CPU
		{A0748774-5921-4D3F-A52A-E4FF1C2F1248}.Debug|x64.Build.0 = Debug|Any CPU
		{A0748774-5921-4D3F-A52A-E4FF1C2F1248}.Debug|x86.ActiveCfg = Debug|Any CPU
		{A0748774-5921-4D3F-A52A-E4FF1C2F1248}.Debug|x86.Build.0 = Debug|Any CPU
		{A0748774-5921-4D3F-A52A-E4FF1C2F1248}.Debug45|Any CPU.ActiveCfg = Debug|Any CPU
		{A0748774-5921-4D3F-A52A-E4FF1C2F1248}.Debug45|Any CPU.Build.0 = Debug|Any CPU
		{A0748774-5921-4D3F-A52A-E4FF1C2F1248}.Debug45|iPhone.ActiveCfg = Debug|Any CPU
		{A0748774-5921-4D3F-A52A-E4FF1C2F1248}.Debug45|iPhone.Build.0 = Debug|Any CPU
		{A0748774-5921-4D3F-A52A-E4FF1C2F1248}.Debug45|iPhoneSimulator.ActiveCfg = Debug|Any CPU
		{A0748774-5921-4D3F-A52A-E4FF1C2F1248}.Debug45|iPhoneSimulator.Build.0 = Debug|Any CPU
		{A0748774-5921-4D3F-A52A-E4FF1C2F1248}.Debug45|x64.ActiveCfg = Debug|Any CPU
		{A0748774-5921-4D3F-A52A-E4FF1C2F1248}.Debug45|x64.Build.0 = Debug|Any CPU
		{A0748774-5921-4D3F-A52A-E4FF1C2F1248}.Debug45|x86.ActiveCfg = Debug|Any CPU
		{A0748774-5921-4D3F-A52A-E4FF1C2F1248}.Debug45|x86.Build.0 = Debug|Any CPU
		{A0748774-5921-4D3F-A52A-E4FF1C2F1248}.Debug46|Any CPU.ActiveCfg = Debug|Any CPU
		{A0748774-5921-4D3F-A52A-E4FF1C2F1248}.Debug46|Any CPU.Build.0 = Debug|Any CPU
		{A0748774-5921-4D3F-A52A-E4FF1C2F1248}.Debug46|iPhone.ActiveCfg = Debug|Any CPU
		{A0748774-5921-4D3F-A52A-E4FF1C2F1248}.Debug46|iPhone.Build.0 = Debug|Any CPU
		{A0748774-5921-4D3F-A52A-E4FF1C2F1248}.Debug46|iPhoneSimulator.ActiveCfg = Debug|Any CPU
		{A0748774-5921-4D3F-A52A-E4FF1C2F1248}.Debug46|iPhoneSimulator.Build.0 = Debug|Any CPU
		{A0748774-5921-4D3F-A52A-E4FF1C2F1248}.Debug46|x64.ActiveCfg = Debug|Any CPU
		{A0748774-5921-4D3F-A52A-E4FF1C2F1248}.Debug46|x64.Build.0 = Debug|Any CPU
		{A0748774-5921-4D3F-A52A-E4FF1C2F1248}.Debug46|x86.ActiveCfg = Debug|Any CPU
		{A0748774-5921-4D3F-A52A-E4FF1C2F1248}.Debug46|x86.Build.0 = Debug|Any CPU
		{A0748774-5921-4D3F-A52A-E4FF1C2F1248}.Release|Any CPU.ActiveCfg = Release|Any CPU
		{A0748774-5921-4D3F-A52A-E4FF1C2F1248}.Release|Any CPU.Build.0 = Release|Any CPU
		{A0748774-5921-4D3F-A52A-E4FF1C2F1248}.Release|iPhone.ActiveCfg = Release|Any CPU
		{A0748774-5921-4D3F-A52A-E4FF1C2F1248}.Release|iPhone.Build.0 = Release|Any CPU
		{A0748774-5921-4D3F-A52A-E4FF1C2F1248}.Release|iPhoneSimulator.ActiveCfg = Release|Any CPU
		{A0748774-5921-4D3F-A52A-E4FF1C2F1248}.Release|iPhoneSimulator.Build.0 = Release|Any CPU
		{A0748774-5921-4D3F-A52A-E4FF1C2F1248}.Release|x64.ActiveCfg = Release|Any CPU
		{A0748774-5921-4D3F-A52A-E4FF1C2F1248}.Release|x64.Build.0 = Release|Any CPU
		{A0748774-5921-4D3F-A52A-E4FF1C2F1248}.Release|x86.ActiveCfg = Release|Any CPU
		{A0748774-5921-4D3F-A52A-E4FF1C2F1248}.Release|x86.Build.0 = Release|Any CPU
		{A0748774-5921-4D3F-A52A-E4FF1C2F1248}.Release45|Any CPU.ActiveCfg = Release|Any CPU
		{A0748774-5921-4D3F-A52A-E4FF1C2F1248}.Release45|Any CPU.Build.0 = Release|Any CPU
		{A0748774-5921-4D3F-A52A-E4FF1C2F1248}.Release45|iPhone.ActiveCfg = Release|Any CPU
		{A0748774-5921-4D3F-A52A-E4FF1C2F1248}.Release45|iPhone.Build.0 = Release|Any CPU
		{A0748774-5921-4D3F-A52A-E4FF1C2F1248}.Release45|iPhoneSimulator.ActiveCfg = Release|Any CPU
		{A0748774-5921-4D3F-A52A-E4FF1C2F1248}.Release45|iPhoneSimulator.Build.0 = Release|Any CPU
		{A0748774-5921-4D3F-A52A-E4FF1C2F1248}.Release45|x64.ActiveCfg = Release|Any CPU
		{A0748774-5921-4D3F-A52A-E4FF1C2F1248}.Release45|x64.Build.0 = Release|Any CPU
		{A0748774-5921-4D3F-A52A-E4FF1C2F1248}.Release45|x86.ActiveCfg = Release|Any CPU
		{A0748774-5921-4D3F-A52A-E4FF1C2F1248}.Release45|x86.Build.0 = Release|Any CPU
		{A0748774-5921-4D3F-A52A-E4FF1C2F1248}.Release46|Any CPU.ActiveCfg = Release|Any CPU
		{A0748774-5921-4D3F-A52A-E4FF1C2F1248}.Release46|Any CPU.Build.0 = Release|Any CPU
		{A0748774-5921-4D3F-A52A-E4FF1C2F1248}.Release46|iPhone.ActiveCfg = Release|Any CPU
		{A0748774-5921-4D3F-A52A-E4FF1C2F1248}.Release46|iPhone.Build.0 = Release|Any CPU
		{A0748774-5921-4D3F-A52A-E4FF1C2F1248}.Release46|iPhoneSimulator.ActiveCfg = Release|Any CPU
		{A0748774-5921-4D3F-A52A-E4FF1C2F1248}.Release46|iPhoneSimulator.Build.0 = Release|Any CPU
		{A0748774-5921-4D3F-A52A-E4FF1C2F1248}.Release46|x64.ActiveCfg = Release|Any CPU
		{A0748774-5921-4D3F-A52A-E4FF1C2F1248}.Release46|x64.Build.0 = Release|Any CPU
		{A0748774-5921-4D3F-A52A-E4FF1C2F1248}.Release46|x86.ActiveCfg = Release|Any CPU
		{A0748774-5921-4D3F-A52A-E4FF1C2F1248}.Release46|x86.Build.0 = Release|Any CPU
	EndGlobalSection
	GlobalSection(SolutionProperties) = preSolution
		HideSolutionNode = FALSE
	EndGlobalSection
	GlobalSection(NestedProjects) = preSolution
		{D78F4BCF-C408-422C-A327-FEF8D8E07EE6} = {834BCDD3-6BB5-4DD6-ABBB-8B7918CE17F9}
		{BBF0486A-3B64-485D-8617-E331A631E83A} = {25795967-9A4C-4C33-BA16-290CB4FE7BE8}
		{F62BDB9C-0304-46D3-B088-62DA495B46DD} = {834BCDD3-6BB5-4DD6-ABBB-8B7918CE17F9}
		{47B46A21-285D-4677-A6C3-45E51CFA8562} = {834BCDD3-6BB5-4DD6-ABBB-8B7918CE17F9}
		{F0BDBCEC-D3CC-4048-849D-4C2290BC5E81} = {834BCDD3-6BB5-4DD6-ABBB-8B7918CE17F9}
		{B044C99F-C50A-4AB7-889D-FCF67E5F362F} = {E46DE830-B302-41A9-A089-127E2CAAFFF4}
		{C1607F99-C31D-473C-91B3-72BFEBD1BA4D} = {834BCDD3-6BB5-4DD6-ABBB-8B7918CE17F9}
		{A0748774-5921-4D3F-A52A-E4FF1C2F1248} = {834BCDD3-6BB5-4DD6-ABBB-8B7918CE17F9}
	EndGlobalSection
	GlobalSection(ExtensibilityGlobals) = postSolution
		SolutionGuid = {29BBAB75-275C-4D9E-AF6C-1D4F46C23F2E}
		EnterpriseLibraryConfigurationToolBinariesPath = packages\Unity.2.1.505.2\lib\NET35;packages\Unity.2.1.505.0\lib\NET35
	EndGlobalSection
EndGlobal
